// !$*UTF8*$!
{
	archiveVersion = 1;
	classes = {
	};
	objectVersion = 50;
	objects = {

/* Begin PBXBuildFile section */
		54209E942117325100F3B5EF /* DrawImage.m in Sources */ = {isa = PBXBuildFile; fileRef = 54209E932117325100F3B5EF /* DrawImage.m */; };
		543695D5214EFD9800DA979D /* NSMenuItem+Info.m in Sources */ = {isa = PBXBuildFile; fileRef = 543695D4214EFD9800DA979D /* NSMenuItem+Info.m */; };
		543695D8214F1F2700DA979D /* NSMenuItem+Generate.m in Sources */ = {isa = PBXBuildFile; fileRef = 543695D7214F1F2700DA979D /* NSMenuItem+Generate.m */; };
		544B011A2114B41200386E5C /* ModalSheet.m in Sources */ = {isa = PBXBuildFile; fileRef = 544B01192114B41200386E5C /* ModalSheet.m */; };
		544B011D2114EE9100386E5C /* AppHook.m in Sources */ = {isa = PBXBuildFile; fileRef = 544B011C2114EE9100386E5C /* AppHook.m */; };
		544DCCB9212A2B4D002DBC46 /* RSXML.framework in Frameworks */ = {isa = PBXBuildFile; fileRef = 544DCCB8212A2B4D002DBC46 /* RSXML.framework */; };
		544DCCBA212A2B4D002DBC46 /* RSXML.framework in Embed Frameworks */ = {isa = PBXBuildFile; fileRef = 544DCCB8212A2B4D002DBC46 /* RSXML.framework */; settings = {ATTRIBUTES = (CodeSignOnCopy, RemoveHeadersOnCopy, ); }; };
		544DCCBE212A2B6F002DBC46 /* RSXML.framework.dSYM in CopyFiles */ = {isa = PBXBuildFile; fileRef = 544DCCBD212A2B6F002DBC46 /* RSXML.framework.dSYM */; };
		546FC43D21188AD5007CC3A3 /* SettingsFeeds.m in Sources */ = {isa = PBXBuildFile; fileRef = 546FC43C21188AD5007CC3A3 /* SettingsFeeds.m */; };
		546FC43F21188C78007CC3A3 /* SettingsFeeds.xib in Resources */ = {isa = PBXBuildFile; fileRef = 546FC43E21188C78007CC3A3 /* SettingsFeeds.xib */; };
		546FC44321189975007CC3A3 /* SettingsGeneral.m in Sources */ = {isa = PBXBuildFile; fileRef = 546FC44121189975007CC3A3 /* SettingsGeneral.m */; };
		546FC44421189975007CC3A3 /* SettingsGeneral.xib in Resources */ = {isa = PBXBuildFile; fileRef = 546FC44221189975007CC3A3 /* SettingsGeneral.xib */; };
		546FC4472118A8E6007CC3A3 /* Preferences.xib in Resources */ = {isa = PBXBuildFile; fileRef = 546FC4462118A8E6007CC3A3 /* Preferences.xib */; };
		5477D34E21233C62002BA27F /* FeedConfig+Ext.m in Sources */ = {isa = PBXBuildFile; fileRef = 5477D34D21233C62002BA27F /* FeedConfig+Ext.m */; };
		5496B511214D6275003ED4ED /* UserPrefs.m in Sources */ = {isa = PBXBuildFile; fileRef = 5496B510214D6275003ED4ED /* UserPrefs.m */; };
		54ACC28621061B3C0020715F /* Assets.xcassets in Resources */ = {isa = PBXBuildFile; fileRef = 54ACC28521061B3C0020715F /* Assets.xcassets */; };
		54ACC28C21061B3C0020715F /* main.m in Sources */ = {isa = PBXBuildFile; fileRef = 54ACC28B21061B3C0020715F /* main.m */; };
		54ACC29521061E270020715F /* FeedDownload.m in Sources */ = {isa = PBXBuildFile; fileRef = 54ACC29421061E270020715F /* FeedDownload.m */; };
		54ACC29821061FBA0020715F /* Preferences.m in Sources */ = {isa = PBXBuildFile; fileRef = 54ACC29721061FBA0020715F /* Preferences.m */; };
		54CC04382162532A00A48795 /* main.m in Sources */ = {isa = PBXBuildFile; fileRef = 54CC04372162532A00A48795 /* main.m */; };
		54CC043E2162566900A48795 /* baRSS-Helper.app in CopyFiles */ = {isa = PBXBuildFile; fileRef = 54CC042C2162532800A48795 /* baRSS-Helper.app */; settings = {ATTRIBUTES = (RemoveHeadersOnCopy, ); }; };
		54E88320211B509D00064188 /* ModalFeedEdit.m in Sources */ = {isa = PBXBuildFile; fileRef = 54E8831E211B509D00064188 /* ModalFeedEdit.m */; };
		54E88321211B509D00064188 /* ModalFeedEdit.xib in Resources */ = {isa = PBXBuildFile; fileRef = 54E8831F211B509D00064188 /* ModalFeedEdit.xib */; };
		54F39C2E210BE1F700AEE730 /* DBv1.xcdatamodeld in Sources */ = {isa = PBXBuildFile; fileRef = 54ACC28221061B3B0020715F /* DBv1.xcdatamodeld */; };
		54F518782162CA4F00EE856C /* ServiceManagement.framework in Frameworks */ = {isa = PBXBuildFile; fileRef = 54F518772162CA4F00EE856C /* ServiceManagement.framework */; };
		54FE73D021220DEC003EAC65 /* StoreCoordinator.m in Sources */ = {isa = PBXBuildFile; fileRef = 54FE73CF21220DEC003EAC65 /* StoreCoordinator.m */; };
		54FE73D3212316CD003EAC65 /* BarMenu.m in Sources */ = {isa = PBXBuildFile; fileRef = 54FE73D2212316CD003EAC65 /* BarMenu.m */; };
/* End PBXBuildFile section */

/* Begin PBXCopyFilesBuildPhase section */
		544DCCBB212A2B4D002DBC46 /* Embed Frameworks */ = {
			isa = PBXCopyFilesBuildPhase;
			buildActionMask = 2147483647;
			dstPath = "";
			dstSubfolderSpec = 10;
			files = (
				544DCCBA212A2B4D002DBC46 /* RSXML.framework in Embed Frameworks */,
			);
			name = "Embed Frameworks";
			runOnlyForDeploymentPostprocessing = 0;
		};
		544DCCBC212A2B5A002DBC46 /* CopyFiles */ = {
			isa = PBXCopyFilesBuildPhase;
			buildActionMask = 2147483647;
			dstPath = "";
			dstSubfolderSpec = 16;
			files = (
				544DCCBE212A2B6F002DBC46 /* RSXML.framework.dSYM in CopyFiles */,
			);
			runOnlyForDeploymentPostprocessing = 0;
		};
		54CC043D2162565F00A48795 /* CopyFiles */ = {
			isa = PBXCopyFilesBuildPhase;
			buildActionMask = 2147483647;
			dstPath = Contents/Library/LoginItems;
			dstSubfolderSpec = 1;
			files = (
				54CC043E2162566900A48795 /* baRSS-Helper.app in CopyFiles */,
			);
			runOnlyForDeploymentPostprocessing = 0;
		};
/* End PBXCopyFilesBuildPhase section */

/* Begin PBXFileReference section */
		54209E922117325100F3B5EF /* DrawImage.h */ = {isa = PBXFileReference; fileEncoding = 4; lastKnownFileType = sourcecode.c.h; path = DrawImage.h; sourceTree = "<group>"; };
		54209E932117325100F3B5EF /* DrawImage.m */ = {isa = PBXFileReference; fileEncoding = 4; lastKnownFileType = sourcecode.c.objc; path = DrawImage.m; sourceTree = "<group>"; };
		543695D3214EFD9800DA979D /* NSMenuItem+Info.h */ = {isa = PBXFileReference; lastKnownFileType = sourcecode.c.h; path = "NSMenuItem+Info.h"; sourceTree = "<group>"; };
		543695D4214EFD9800DA979D /* NSMenuItem+Info.m */ = {isa = PBXFileReference; lastKnownFileType = sourcecode.c.objc; path = "NSMenuItem+Info.m"; sourceTree = "<group>"; };
		543695D6214F1F2700DA979D /* NSMenuItem+Generate.h */ = {isa = PBXFileReference; lastKnownFileType = sourcecode.c.h; path = "NSMenuItem+Generate.h"; sourceTree = "<group>"; };
		543695D7214F1F2700DA979D /* NSMenuItem+Generate.m */ = {isa = PBXFileReference; lastKnownFileType = sourcecode.c.objc; path = "NSMenuItem+Generate.m"; sourceTree = "<group>"; };
		544B01182114B41200386E5C /* ModalSheet.h */ = {isa = PBXFileReference; fileEncoding = 4; lastKnownFileType = sourcecode.c.h; path = ModalSheet.h; sourceTree = "<group>"; };
		544B01192114B41200386E5C /* ModalSheet.m */ = {isa = PBXFileReference; fileEncoding = 4; lastKnownFileType = sourcecode.c.objc; path = ModalSheet.m; sourceTree = "<group>"; };
		544B011B2114EE9100386E5C /* AppHook.h */ = {isa = PBXFileReference; fileEncoding = 4; lastKnownFileType = sourcecode.c.h; path = AppHook.h; sourceTree = "<group>"; };
		544B011C2114EE9100386E5C /* AppHook.m */ = {isa = PBXFileReference; fileEncoding = 4; lastKnownFileType = sourcecode.c.objc; path = AppHook.m; sourceTree = "<group>"; };
		544DCCB8212A2B4D002DBC46 /* RSXML.framework */ = {isa = PBXFileReference; lastKnownFileType = wrapper.framework; name = RSXML.framework; path = Carthage/Build/Mac/RSXML.framework; sourceTree = "<group>"; };
		544DCCBD212A2B6F002DBC46 /* RSXML.framework.dSYM */ = {isa = PBXFileReference; lastKnownFileType = wrapper.dsym; name = RSXML.framework.dSYM; path = Carthage/Build/Mac/RSXML.framework.dSYM; sourceTree = "<group>"; };
		546FC43B21188AD5007CC3A3 /* SettingsFeeds.h */ = {isa = PBXFileReference; fileEncoding = 4; lastKnownFileType = sourcecode.c.h; path = SettingsFeeds.h; sourceTree = "<group>"; };
		546FC43C21188AD5007CC3A3 /* SettingsFeeds.m */ = {isa = PBXFileReference; fileEncoding = 4; lastKnownFileType = sourcecode.c.objc; path = SettingsFeeds.m; sourceTree = "<group>"; };
		546FC43E21188C78007CC3A3 /* SettingsFeeds.xib */ = {isa = PBXFileReference; lastKnownFileType = file.xib; path = SettingsFeeds.xib; sourceTree = "<group>"; };
		546FC44021189975007CC3A3 /* SettingsGeneral.h */ = {isa = PBXFileReference; fileEncoding = 4; lastKnownFileType = sourcecode.c.h; path = SettingsGeneral.h; sourceTree = "<group>"; };
		546FC44121189975007CC3A3 /* SettingsGeneral.m */ = {isa = PBXFileReference; fileEncoding = 4; lastKnownFileType = sourcecode.c.objc; path = SettingsGeneral.m; sourceTree = "<group>"; };
		546FC44221189975007CC3A3 /* SettingsGeneral.xib */ = {isa = PBXFileReference; lastKnownFileType = file.xib; path = SettingsGeneral.xib; sourceTree = "<group>"; };
		546FC4462118A8E6007CC3A3 /* Preferences.xib */ = {isa = PBXFileReference; lastKnownFileType = file.xib; path = Preferences.xib; sourceTree = "<group>"; };
		5477D34C21233C62002BA27F /* FeedConfig+Ext.h */ = {isa = PBXFileReference; lastKnownFileType = sourcecode.c.h; path = "FeedConfig+Ext.h"; sourceTree = "<group>"; };
		5477D34D21233C62002BA27F /* FeedConfig+Ext.m */ = {isa = PBXFileReference; lastKnownFileType = sourcecode.c.objc; path = "FeedConfig+Ext.m"; sourceTree = "<group>"; };
		5496B50F214D6275003ED4ED /* UserPrefs.h */ = {isa = PBXFileReference; lastKnownFileType = sourcecode.c.h; path = UserPrefs.h; sourceTree = "<group>"; };
		5496B510214D6275003ED4ED /* UserPrefs.m */ = {isa = PBXFileReference; lastKnownFileType = sourcecode.c.objc; path = UserPrefs.m; sourceTree = "<group>"; };
		54ACC27C21061B3B0020715F /* baRSS.app */ = {isa = PBXFileReference; explicitFileType = wrapper.application; includeInIndex = 0; path = baRSS.app; sourceTree = BUILT_PRODUCTS_DIR; };
		54ACC28321061B3B0020715F /* DBv1.xcdatamodel */ = {isa = PBXFileReference; lastKnownFileType = wrapper.xcdatamodel; path = DBv1.xcdatamodel; sourceTree = "<group>"; };
		54ACC28521061B3C0020715F /* Assets.xcassets */ = {isa = PBXFileReference; lastKnownFileType = folder.assetcatalog; path = Assets.xcassets; sourceTree = "<group>"; };
		54ACC28A21061B3C0020715F /* Info.plist */ = {isa = PBXFileReference; lastKnownFileType = text.plist.xml; path = Info.plist; sourceTree = "<group>"; };
		54ACC28B21061B3C0020715F /* main.m */ = {isa = PBXFileReference; fileEncoding = 4; lastKnownFileType = sourcecode.c.objc; path = main.m; sourceTree = "<group>"; };
		54ACC29321061E270020715F /* FeedDownload.h */ = {isa = PBXFileReference; fileEncoding = 4; lastKnownFileType = sourcecode.c.h; path = FeedDownload.h; sourceTree = "<group>"; };
		54ACC29421061E270020715F /* FeedDownload.m */ = {isa = PBXFileReference; fileEncoding = 4; lastKnownFileType = sourcecode.c.objc; path = FeedDownload.m; sourceTree = "<group>"; };
		54ACC29621061FBA0020715F /* Preferences.h */ = {isa = PBXFileReference; fileEncoding = 4; lastKnownFileType = sourcecode.c.h; path = Preferences.h; sourceTree = "<group>"; };
		54ACC29721061FBA0020715F /* Preferences.m */ = {isa = PBXFileReference; fileEncoding = 4; lastKnownFileType = sourcecode.c.objc; path = Preferences.m; sourceTree = "<group>"; };
		54CC042C2162532800A48795 /* baRSS-Helper.app */ = {isa = PBXFileReference; explicitFileType = wrapper.application; includeInIndex = 0; path = "baRSS-Helper.app"; sourceTree = BUILT_PRODUCTS_DIR; };
		54CC04362162532A00A48795 /* Info.plist */ = {isa = PBXFileReference; lastKnownFileType = text.plist.xml; path = Info.plist; sourceTree = "<group>"; };
		54CC04372162532A00A48795 /* main.m */ = {isa = PBXFileReference; lastKnownFileType = sourcecode.c.objc; path = main.m; sourceTree = "<group>"; };
		54E8831D211B509D00064188 /* ModalFeedEdit.h */ = {isa = PBXFileReference; fileEncoding = 4; lastKnownFileType = sourcecode.c.h; path = ModalFeedEdit.h; sourceTree = "<group>"; };
		54E8831E211B509D00064188 /* ModalFeedEdit.m */ = {isa = PBXFileReference; fileEncoding = 4; lastKnownFileType = sourcecode.c.objc; path = ModalFeedEdit.m; sourceTree = "<group>"; };
		54E8831F211B509D00064188 /* ModalFeedEdit.xib */ = {isa = PBXFileReference; lastKnownFileType = file.xib; path = ModalFeedEdit.xib; sourceTree = "<group>"; };
		54F518772162CA4F00EE856C /* ServiceManagement.framework */ = {isa = PBXFileReference; lastKnownFileType = wrapper.framework; name = ServiceManagement.framework; path = System/Library/Frameworks/ServiceManagement.framework; sourceTree = SDKROOT; };
		54FE73CE21220DEC003EAC65 /* StoreCoordinator.h */ = {isa = PBXFileReference; lastKnownFileType = sourcecode.c.h; path = StoreCoordinator.h; sourceTree = "<group>"; };
		54FE73CF21220DEC003EAC65 /* StoreCoordinator.m */ = {isa = PBXFileReference; lastKnownFileType = sourcecode.c.objc; path = StoreCoordinator.m; sourceTree = "<group>"; };
		54FE73D1212316CD003EAC65 /* BarMenu.h */ = {isa = PBXFileReference; lastKnownFileType = sourcecode.c.h; path = BarMenu.h; sourceTree = "<group>"; };
		54FE73D2212316CD003EAC65 /* BarMenu.m */ = {isa = PBXFileReference; lastKnownFileType = sourcecode.c.objc; path = BarMenu.m; sourceTree = "<group>"; };
/* End PBXFileReference section */

/* Begin PBXFrameworksBuildPhase section */
		54ACC27921061B3B0020715F /* Frameworks */ = {
			isa = PBXFrameworksBuildPhase;
			buildActionMask = 2147483647;
			files = (
				54F518782162CA4F00EE856C /* ServiceManagement.framework in Frameworks */,
				544DCCB9212A2B4D002DBC46 /* RSXML.framework in Frameworks */,
			);
			runOnlyForDeploymentPostprocessing = 0;
		};
		54CC04292162532800A48795 /* Frameworks */ = {
			isa = PBXFrameworksBuildPhase;
			buildActionMask = 2147483647;
			files = (
			);
			runOnlyForDeploymentPostprocessing = 0;
		};
/* End PBXFrameworksBuildPhase section */

/* Begin PBXGroup section */
		541A90EF21257D4F002680A6 /* Status Bar Menu */ = {
			isa = PBXGroup;
			children = (
				543695D3214EFD9800DA979D /* NSMenuItem+Info.h */,
				543695D4214EFD9800DA979D /* NSMenuItem+Info.m */,
				543695D6214F1F2700DA979D /* NSMenuItem+Generate.h */,
				543695D7214F1F2700DA979D /* NSMenuItem+Generate.m */,
				54FE73D1212316CD003EAC65 /* BarMenu.h */,
				54FE73D2212316CD003EAC65 /* BarMenu.m */,
			);
			path = "Status Bar Menu";
			sourceTree = "<group>";
		};
		544FBD4321064AEB008A260C /* Frameworks */ = {
			isa = PBXGroup;
			children = (
				54F518772162CA4F00EE856C /* ServiceManagement.framework */,
				544DCCB8212A2B4D002DBC46 /* RSXML.framework */,
				544DCCBD212A2B6F002DBC46 /* RSXML.framework.dSYM */,
			);
			name = Frameworks;
			sourceTree = "<group>";
		};
		546FC44521189ADC007CC3A3 /* General Tab */ = {
			isa = PBXGroup;
			children = (
				5496B50F214D6275003ED4ED /* UserPrefs.h */,
				5496B510214D6275003ED4ED /* UserPrefs.m */,
				546FC44021189975007CC3A3 /* SettingsGeneral.h */,
				546FC44121189975007CC3A3 /* SettingsGeneral.m */,
				546FC44221189975007CC3A3 /* SettingsGeneral.xib */,
			);
			path = "General Tab";
			sourceTree = "<group>";
		};
		546FC44D2118B357007CC3A3 /* Preferences */ = {
			isa = PBXGroup;
			children = (
				5477D34C21233C62002BA27F /* FeedConfig+Ext.h */,
				5477D34D21233C62002BA27F /* FeedConfig+Ext.m */,
				54ACC29621061FBA0020715F /* Preferences.h */,
				54ACC29721061FBA0020715F /* Preferences.m */,
				546FC4462118A8E6007CC3A3 /* Preferences.xib */,
				544B01182114B41200386E5C /* ModalSheet.h */,
				544B01192114B41200386E5C /* ModalSheet.m */,
				546FC44521189ADC007CC3A3 /* General Tab */,
				54E88323211B542E00064188 /* Feeds Tab */,
			);
			path = Preferences;
			sourceTree = "<group>";
		};
		54ACC27321061B3B0020715F = {
			isa = PBXGroup;
			children = (
				54ACC27E21061B3B0020715F /* baRSS */,
				54CC042D2162532800A48795 /* baRSS-Helper */,
				54ACC27D21061B3B0020715F /* Products */,
				544FBD4321064AEB008A260C /* Frameworks */,
			);
			sourceTree = "<group>";
		};
		54ACC27D21061B3B0020715F /* Products */ = {
			isa = PBXGroup;
			children = (
				54ACC27C21061B3B0020715F /* baRSS.app */,
				54CC042C2162532800A48795 /* baRSS-Helper.app */,
			);
			name = Products;
			sourceTree = "<group>";
		};
		54ACC27E21061B3B0020715F /* baRSS */ = {
			isa = PBXGroup;
			children = (
				544B011B2114EE9100386E5C /* AppHook.h */,
				544B011C2114EE9100386E5C /* AppHook.m */,
				541A90EF21257D4F002680A6 /* Status Bar Menu */,
				54FE73CE21220DEC003EAC65 /* StoreCoordinator.h */,
				54FE73CF21220DEC003EAC65 /* StoreCoordinator.m */,
				54ACC29321061E270020715F /* FeedDownload.h */,
				54ACC29421061E270020715F /* FeedDownload.m */,
				54209E922117325100F3B5EF /* DrawImage.h */,
				54209E932117325100F3B5EF /* DrawImage.m */,
				546FC44D2118B357007CC3A3 /* Preferences */,
				54ACC28521061B3C0020715F /* Assets.xcassets */,
				54ACC28A21061B3C0020715F /* Info.plist */,
				54ACC28B21061B3C0020715F /* main.m */,
				54ACC28221061B3B0020715F /* DBv1.xcdatamodeld */,
			);
			path = baRSS;
			sourceTree = "<group>";
		};
		54CC042D2162532800A48795 /* baRSS-Helper */ = {
			isa = PBXGroup;
			children = (
				54CC04362162532A00A48795 /* Info.plist */,
				54CC04372162532A00A48795 /* main.m */,
			);
			path = "baRSS-Helper";
			sourceTree = "<group>";
		};
		54E88323211B542E00064188 /* Feeds Tab */ = {
			isa = PBXGroup;
			children = (
				546FC43B21188AD5007CC3A3 /* SettingsFeeds.h */,
				546FC43C21188AD5007CC3A3 /* SettingsFeeds.m */,
				546FC43E21188C78007CC3A3 /* SettingsFeeds.xib */,
				54E8831D211B509D00064188 /* ModalFeedEdit.h */,
				54E8831E211B509D00064188 /* ModalFeedEdit.m */,
				54E8831F211B509D00064188 /* ModalFeedEdit.xib */,
			);
			path = "Feeds Tab";
			sourceTree = "<group>";
		};
/* End PBXGroup section */

/* Begin PBXNativeTarget section */
		54ACC27B21061B3B0020715F /* baRSS */ = {
			isa = PBXNativeTarget;
			buildConfigurationList = 54ACC29021061B3C0020715F /* Build configuration list for PBXNativeTarget "baRSS" */;
			buildPhases = (
				54ACC27821061B3B0020715F /* Sources */,
				54ACC27921061B3B0020715F /* Frameworks */,
				54ACC27A21061B3B0020715F /* Resources */,
				544DCCBB212A2B4D002DBC46 /* Embed Frameworks */,
				544DCCBC212A2B5A002DBC46 /* CopyFiles */,
				54CC043D2162565F00A48795 /* CopyFiles */,
			);
			buildRules = (
			);
			dependencies = (
			);
			name = baRSS;
			productName = baRRS;
			productReference = 54ACC27C21061B3B0020715F /* baRSS.app */;
			productType = "com.apple.product-type.application";
		};
		54CC042B2162532800A48795 /* baRSS-Helper */ = {
			isa = PBXNativeTarget;
			buildConfigurationList = 54CC043C2162532A00A48795 /* Build configuration list for PBXNativeTarget "baRSS-Helper" */;
			buildPhases = (
				54CC04282162532800A48795 /* Sources */,
				54CC04292162532800A48795 /* Frameworks */,
				54CC042A2162532800A48795 /* Resources */,
			);
			buildRules = (
			);
			dependencies = (
			);
			name = "baRSS-Helper";
			productName = "baRSS-Helper";
			productReference = 54CC042C2162532800A48795 /* baRSS-Helper.app */;
			productType = "com.apple.product-type.application";
		};
/* End PBXNativeTarget section */

/* Begin PBXProject section */
		54ACC27421061B3B0020715F /* Project object */ = {
			isa = PBXProject;
			attributes = {
				LastUpgradeCheck = 0940;
				ORGANIZATIONNAME = relikd;
				TargetAttributes = {
					54ACC27B21061B3B0020715F = {
						CreatedOnToolsVersion = 9.4.1;
						LastSwiftMigration = 0940;
						SystemCapabilities = {
							com.apple.ApplicationGroups.Mac = {
								enabled = 0;
							};
							com.apple.Sandbox = {
								enabled = 0;
							};
						};
					};
					54CC042B2162532800A48795 = {
						CreatedOnToolsVersion = 9.4.1;
						SystemCapabilities = {
							com.apple.Sandbox = {
								enabled = 0;
							};
						};
					};
				};
			};
			buildConfigurationList = 54ACC27721061B3B0020715F /* Build configuration list for PBXProject "baRSS" */;
			compatibilityVersion = "Xcode 9.3";
			developmentRegion = en;
			hasScannedForEncodings = 0;
			knownRegions = (
				en,
				Base,
			);
			mainGroup = 54ACC27321061B3B0020715F;
			productRefGroup = 54ACC27D21061B3B0020715F /* Products */;
			projectDirPath = "";
			projectRoot = "";
			targets = (
				54ACC27B21061B3B0020715F /* baRSS */,
				54CC042B2162532800A48795 /* baRSS-Helper */,
			);
		};
/* End PBXProject section */

/* Begin PBXResourcesBuildPhase section */
		54ACC27A21061B3B0020715F /* Resources */ = {
			isa = PBXResourcesBuildPhase;
			buildActionMask = 2147483647;
			files = (
				546FC4472118A8E6007CC3A3 /* Preferences.xib in Resources */,
				54E88321211B509D00064188 /* ModalFeedEdit.xib in Resources */,
				54ACC28621061B3C0020715F /* Assets.xcassets in Resources */,
				546FC44421189975007CC3A3 /* SettingsGeneral.xib in Resources */,
				546FC43F21188C78007CC3A3 /* SettingsFeeds.xib in Resources */,
			);
			runOnlyForDeploymentPostprocessing = 0;
		};
		54CC042A2162532800A48795 /* Resources */ = {
			isa = PBXResourcesBuildPhase;
			buildActionMask = 2147483647;
			files = (
			);
			runOnlyForDeploymentPostprocessing = 0;
		};
/* End PBXResourcesBuildPhase section */

/* Begin PBXSourcesBuildPhase section */
		54ACC27821061B3B0020715F /* Sources */ = {
			isa = PBXSourcesBuildPhase;
			buildActionMask = 2147483647;
			files = (
				543695D8214F1F2700DA979D /* NSMenuItem+Generate.m in Sources */,
				54F39C2E210BE1F700AEE730 /* DBv1.xcdatamodeld in Sources */,
				544B011D2114EE9100386E5C /* AppHook.m in Sources */,
				546FC44321189975007CC3A3 /* SettingsGeneral.m in Sources */,
				54ACC29521061E270020715F /* FeedDownload.m in Sources */,
				5477D34E21233C62002BA27F /* FeedConfig+Ext.m in Sources */,
				54ACC28C21061B3C0020715F /* main.m in Sources */,
				54FE73D3212316CD003EAC65 /* BarMenu.m in Sources */,
				544B011A2114B41200386E5C /* ModalSheet.m in Sources */,
				543695D5214EFD9800DA979D /* NSMenuItem+Info.m in Sources */,
				54ACC29821061FBA0020715F /* Preferences.m in Sources */,
				5496B511214D6275003ED4ED /* UserPrefs.m in Sources */,
				546FC43D21188AD5007CC3A3 /* SettingsFeeds.m in Sources */,
				54E88320211B509D00064188 /* ModalFeedEdit.m in Sources */,
				54209E942117325100F3B5EF /* DrawImage.m in Sources */,
				54FE73D021220DEC003EAC65 /* StoreCoordinator.m in Sources */,
			);
			runOnlyForDeploymentPostprocessing = 0;
		};
		54CC04282162532800A48795 /* Sources */ = {
			isa = PBXSourcesBuildPhase;
			buildActionMask = 2147483647;
			files = (
				54CC04382162532A00A48795 /* main.m in Sources */,
			);
			runOnlyForDeploymentPostprocessing = 0;
		};
/* End PBXSourcesBuildPhase section */

/* Begin XCBuildConfiguration section */
		54ACC28E21061B3C0020715F /* Debug */ = {
			isa = XCBuildConfiguration;
			buildSettings = {
				ALWAYS_SEARCH_USER_PATHS = NO;
				CLANG_ANALYZER_LOCALIZABILITY_NONLOCALIZED = YES;
				CLANG_ANALYZER_NONNULL = YES;
				CLANG_ANALYZER_NUMBER_OBJECT_CONVERSION = YES_AGGRESSIVE;
				CLANG_CXX_LANGUAGE_STANDARD = "gnu++14";
				CLANG_CXX_LIBRARY = "libc++";
				CLANG_ENABLE_MODULES = YES;
				CLANG_ENABLE_OBJC_ARC = YES;
				CLANG_ENABLE_OBJC_WEAK = YES;
				CLANG_WARN_BLOCK_CAPTURE_AUTORELEASING = YES;
				CLANG_WARN_BOOL_CONVERSION = YES;
				CLANG_WARN_COMMA = YES;
				CLANG_WARN_CONSTANT_CONVERSION = YES;
				CLANG_WARN_DEPRECATED_OBJC_IMPLEMENTATIONS = YES;
				CLANG_WARN_DIRECT_OBJC_ISA_USAGE = YES_ERROR;
				CLANG_WARN_DOCUMENTATION_COMMENTS = YES;
				CLANG_WARN_EMPTY_BODY = YES;
				CLANG_WARN_ENUM_CONVERSION = YES;
				CLANG_WARN_INFINITE_RECURSION = YES;
				CLANG_WARN_INT_CONVERSION = YES;
				CLANG_WARN_NON_LITERAL_NULL_CONVERSION = YES;
				CLANG_WARN_OBJC_IMPLICIT_RETAIN_SELF = YES;
				CLANG_WARN_OBJC_LITERAL_CONVERSION = YES;
				CLANG_WARN_OBJC_ROOT_CLASS = YES_ERROR;
				CLANG_WARN_RANGE_LOOP_ANALYSIS = YES;
				CLANG_WARN_STRICT_PROTOTYPES = YES;
				CLANG_WARN_SUSPICIOUS_MOVE = YES;
				CLANG_WARN_UNGUARDED_AVAILABILITY = YES_AGGRESSIVE;
				CLANG_WARN_UNREACHABLE_CODE = YES;
				CLANG_WARN__DUPLICATE_METHOD_MATCH = YES;
				COPY_PHASE_STRIP = NO;
				DEBUG_INFORMATION_FORMAT = dwarf;
				ENABLE_STRICT_OBJC_MSGSEND = YES;
				ENABLE_TESTABILITY = YES;
				GCC_C_LANGUAGE_STANDARD = gnu11;
				GCC_DYNAMIC_NO_PIC = NO;
				GCC_NO_COMMON_BLOCKS = YES;
				GCC_OPTIMIZATION_LEVEL = 0;
				GCC_PREPROCESSOR_DEFINITIONS = (
					"DEBUG=1",
					"$(inherited)",
				);
				GCC_WARN_64_TO_32_BIT_CONVERSION = YES;
				GCC_WARN_ABOUT_RETURN_TYPE = YES_ERROR;
				GCC_WARN_UNDECLARED_SELECTOR = YES;
				GCC_WARN_UNINITIALIZED_AUTOS = YES_AGGRESSIVE;
				GCC_WARN_UNUSED_FUNCTION = YES;
				GCC_WARN_UNUSED_VARIABLE = YES;
				MACOSX_DEPLOYMENT_TARGET = 10.12;
				MTL_ENABLE_DEBUG_INFO = YES;
				ONLY_ACTIVE_ARCH = YES;
				SDKROOT = macosx;
			};
			name = Debug;
		};
		54ACC28F21061B3C0020715F /* Release */ = {
			isa = XCBuildConfiguration;
			buildSettings = {
				ALWAYS_SEARCH_USER_PATHS = NO;
				CLANG_ANALYZER_LOCALIZABILITY_NONLOCALIZED = YES;
				CLANG_ANALYZER_NONNULL = YES;
				CLANG_ANALYZER_NUMBER_OBJECT_CONVERSION = YES_AGGRESSIVE;
				CLANG_CXX_LANGUAGE_STANDARD = "gnu++14";
				CLANG_CXX_LIBRARY = "libc++";
				CLANG_ENABLE_MODULES = YES;
				CLANG_ENABLE_OBJC_ARC = YES;
				CLANG_ENABLE_OBJC_WEAK = YES;
				CLANG_WARN_BLOCK_CAPTURE_AUTORELEASING = YES;
				CLANG_WARN_BOOL_CONVERSION = YES;
				CLANG_WARN_COMMA = YES;
				CLANG_WARN_CONSTANT_CONVERSION = YES;
				CLANG_WARN_DEPRECATED_OBJC_IMPLEMENTATIONS = YES;
				CLANG_WARN_DIRECT_OBJC_ISA_USAGE = YES_ERROR;
				CLANG_WARN_DOCUMENTATION_COMMENTS = YES;
				CLANG_WARN_EMPTY_BODY = YES;
				CLANG_WARN_ENUM_CONVERSION = YES;
				CLANG_WARN_INFINITE_RECURSION = YES;
				CLANG_WARN_INT_CONVERSION = YES;
				CLANG_WARN_NON_LITERAL_NULL_CONVERSION = YES;
				CLANG_WARN_OBJC_IMPLICIT_RETAIN_SELF = YES;
				CLANG_WARN_OBJC_LITERAL_CONVERSION = YES;
				CLANG_WARN_OBJC_ROOT_CLASS = YES_ERROR;
				CLANG_WARN_RANGE_LOOP_ANALYSIS = YES;
				CLANG_WARN_STRICT_PROTOTYPES = YES;
				CLANG_WARN_SUSPICIOUS_MOVE = YES;
				CLANG_WARN_UNGUARDED_AVAILABILITY = YES_AGGRESSIVE;
				CLANG_WARN_UNREACHABLE_CODE = YES;
				CLANG_WARN__DUPLICATE_METHOD_MATCH = YES;
				COPY_PHASE_STRIP = NO;
				DEBUG_INFORMATION_FORMAT = "dwarf-with-dsym";
				ENABLE_NS_ASSERTIONS = NO;
				ENABLE_STRICT_OBJC_MSGSEND = YES;
				GCC_C_LANGUAGE_STANDARD = gnu11;
				GCC_NO_COMMON_BLOCKS = YES;
				GCC_WARN_64_TO_32_BIT_CONVERSION = YES;
				GCC_WARN_ABOUT_RETURN_TYPE = YES_ERROR;
				GCC_WARN_UNDECLARED_SELECTOR = YES;
				GCC_WARN_UNINITIALIZED_AUTOS = YES_AGGRESSIVE;
				GCC_WARN_UNUSED_FUNCTION = YES;
				GCC_WARN_UNUSED_VARIABLE = YES;
				MACOSX_DEPLOYMENT_TARGET = 10.12;
				MTL_ENABLE_DEBUG_INFO = NO;
				SDKROOT = macosx;
			};
			name = Release;
		};
		54ACC29121061B3C0020715F /* Debug */ = {
			isa = XCBuildConfiguration;
			buildSettings = {
				ASSETCATALOG_COMPILER_APPICON_NAME = AppIcon;
				CLANG_ANALYZER_SECURITY_FLOATLOOPCOUNTER = YES;
				CLANG_ANALYZER_SECURITY_INSECUREAPI_RAND = YES;
				CLANG_ANALYZER_SECURITY_INSECUREAPI_STRCPY = YES;
				CLANG_ENABLE_MODULES = YES;
				CLANG_UNDEFINED_BEHAVIOR_SANITIZER_INTEGER = YES;
				CLANG_UNDEFINED_BEHAVIOR_SANITIZER_NULLABILITY = YES;
				CLANG_WARN_ASSIGN_ENUM = YES;
				CLANG_WARN_CXX0X_EXTENSIONS = YES;
				CLANG_WARN_IMPLICIT_SIGN_CONVERSION = YES;
				CLANG_WARN_OBJC_EXPLICIT_OWNERSHIP_TYPE = YES;
				CLANG_WARN_OBJC_REPEATED_USE_OF_WEAK = YES;
				CLANG_WARN_SUSPICIOUS_IMPLICIT_CONVERSION = YES;
				CODE_SIGN_STYLE = Manual;
				COMBINE_HIDPI_IMAGES = YES;
				DEVELOPMENT_TEAM = "";
				EMBED_ASSET_PACKS_IN_PRODUCT_BUNDLE = NO;
				FRAMEWORK_SEARCH_PATHS = (
					"$(inherited)",
					"$(PROJECT_DIR)",
					"$(PROJECT_DIR)/Carthage/Build/Mac",
				);
				GCC_WARN_ABOUT_MISSING_FIELD_INITIALIZERS = YES;
				GCC_WARN_ABOUT_MISSING_NEWLINE = YES;
				GCC_WARN_ABOUT_MISSING_PROTOTYPES = YES;
				GCC_WARN_HIDDEN_VIRTUAL_FUNCTIONS = YES;
				GCC_WARN_INITIALIZER_NOT_FULLY_BRACKETED = YES;
				GCC_WARN_PEDANTIC = YES;
				GCC_WARN_SHADOW = YES;
				GCC_WARN_SIGN_COMPARE = YES;
				GCC_WARN_STRICT_SELECTOR_MATCH = YES;
				GCC_WARN_UNKNOWN_PRAGMAS = YES;
				GCC_WARN_UNUSED_LABEL = YES;
				INFOPLIST_FILE = baRSS/Info.plist;
				LD_RUNPATH_SEARCH_PATHS = (
					"$(inherited)",
					"@executable_path/../Frameworks",
					"$(FRAMEWORK_SEARCH_PATHS)",
				);
				MACOSX_DEPLOYMENT_TARGET = 10.12;
				PRODUCT_BUNDLE_IDENTIFIER = de.relikd.baRSS;
				PRODUCT_NAME = "$(TARGET_NAME)";
				PROVISIONING_PROFILE_SPECIFIER = "";
				SWIFT_OPTIMIZATION_LEVEL = "-Onone";
			};
			name = Debug;
		};
		54ACC29221061B3C0020715F /* Release */ = {
			isa = XCBuildConfiguration;
			buildSettings = {
				ASSETCATALOG_COMPILER_APPICON_NAME = AppIcon;
				CLANG_ANALYZER_SECURITY_FLOATLOOPCOUNTER = YES;
				CLANG_ANALYZER_SECURITY_INSECUREAPI_RAND = YES;
				CLANG_ANALYZER_SECURITY_INSECUREAPI_STRCPY = YES;
				CLANG_ENABLE_MODULES = YES;
				CLANG_UNDEFINED_BEHAVIOR_SANITIZER_INTEGER = YES;
				CLANG_UNDEFINED_BEHAVIOR_SANITIZER_NULLABILITY = YES;
				CLANG_WARN_ASSIGN_ENUM = YES;
				CLANG_WARN_CXX0X_EXTENSIONS = YES;
				CLANG_WARN_IMPLICIT_SIGN_CONVERSION = YES;
				CLANG_WARN_OBJC_EXPLICIT_OWNERSHIP_TYPE = YES;
				CLANG_WARN_OBJC_REPEATED_USE_OF_WEAK = YES;
				CLANG_WARN_SUSPICIOUS_IMPLICIT_CONVERSION = YES;
				CODE_SIGN_STYLE = Manual;
				COMBINE_HIDPI_IMAGES = YES;
				DEVELOPMENT_TEAM = "";
				EMBED_ASSET_PACKS_IN_PRODUCT_BUNDLE = NO;
				FRAMEWORK_SEARCH_PATHS = (
					"$(inherited)",
					"$(PROJECT_DIR)",
					"$(PROJECT_DIR)/Carthage/Build/Mac",
				);
				GCC_WARN_ABOUT_MISSING_FIELD_INITIALIZERS = YES;
				GCC_WARN_ABOUT_MISSING_NEWLINE = YES;
				GCC_WARN_ABOUT_MISSING_PROTOTYPES = YES;
				GCC_WARN_HIDDEN_VIRTUAL_FUNCTIONS = YES;
				GCC_WARN_INITIALIZER_NOT_FULLY_BRACKETED = YES;
				GCC_WARN_PEDANTIC = YES;
				GCC_WARN_SHADOW = YES;
				GCC_WARN_SIGN_COMPARE = YES;
				GCC_WARN_STRICT_SELECTOR_MATCH = YES;
				GCC_WARN_UNKNOWN_PRAGMAS = YES;
				GCC_WARN_UNUSED_LABEL = YES;
				INFOPLIST_FILE = baRSS/Info.plist;
				LD_RUNPATH_SEARCH_PATHS = (
					"$(inherited)",
					"@executable_path/../Frameworks",
					"$(FRAMEWORK_SEARCH_PATHS)",
				);
				MACOSX_DEPLOYMENT_TARGET = 10.12;
				PRODUCT_BUNDLE_IDENTIFIER = de.relikd.baRSS;
				PRODUCT_NAME = "$(TARGET_NAME)";
				PROVISIONING_PROFILE_SPECIFIER = "";
			};
			name = Release;
		};
		54CC043A2162532A00A48795 /* Debug */ = {
			isa = XCBuildConfiguration;
			buildSettings = {
				CODE_SIGN_STYLE = Manual;
				COMBINE_HIDPI_IMAGES = YES;
				DEVELOPMENT_TEAM = "";
				INFOPLIST_FILE = "baRSS-Helper/Info.plist";
				LD_RUNPATH_SEARCH_PATHS = (
					"$(inherited)",
					"@executable_path/../Frameworks",
				);
				MACOSX_DEPLOYMENT_TARGET = 10.12;
				PRODUCT_BUNDLE_IDENTIFIER = "de.relikd.baRSS-Helper";
				PRODUCT_NAME = "$(TARGET_NAME)";
				PROVISIONING_PROFILE_SPECIFIER = "";
				SKIP_INSTALL = YES;
			};
			name = Debug;
		};
		54CC043B2162532A00A48795 /* Release */ = {
			isa = XCBuildConfiguration;
			buildSettings = {
				CODE_SIGN_STYLE = Manual;
				COMBINE_HIDPI_IMAGES = YES;
				DEVELOPMENT_TEAM = "";
				INFOPLIST_FILE = "baRSS-Helper/Info.plist";
				LD_RUNPATH_SEARCH_PATHS = (
					"$(inherited)",
					"@executable_path/../Frameworks",
				);
				MACOSX_DEPLOYMENT_TARGET = 10.12;
				PRODUCT_BUNDLE_IDENTIFIER = "de.relikd.baRSS-Helper";
				PRODUCT_NAME = "$(TARGET_NAME)";
				PROVISIONING_PROFILE_SPECIFIER = "";
				SKIP_INSTALL = YES;
			};
			name = Release;
		};
/* End XCBuildConfiguration section */

/* Begin XCConfigurationList section */
		54ACC27721061B3B0020715F /* Build configuration list for PBXProject "baRSS" */ = {
			isa = XCConfigurationList;
			buildConfigurations = (
				54ACC28E21061B3C0020715F /* Debug */,
				54ACC28F21061B3C0020715F /* Release */,
			);
			defaultConfigurationIsVisible = 0;
			defaultConfigurationName = Release;
		};
		54ACC29021061B3C0020715F /* Build configuration list for PBXNativeTarget "baRSS" */ = {
			isa = XCConfigurationList;
			buildConfigurations = (
				54ACC29121061B3C0020715F /* Debug */,
				54ACC29221061B3C0020715F /* Release */,
			);
			defaultConfigurationIsVisible = 0;
			defaultConfigurationName = Release;
		};
		54CC043C2162532A00A48795 /* Build configuration list for PBXNativeTarget "baRSS-Helper" */ = {
			isa = XCConfigurationList;
			buildConfigurations = (
				54CC043A2162532A00A48795 /* Debug */,
				54CC043B2162532A00A48795 /* Release */,
			);
			defaultConfigurationIsVisible = 0;
			defaultConfigurationName = Release;
		};
/* End XCConfigurationList section */

/* Begin XCVersionGroup section */
		54ACC28221061B3B0020715F /* DBv1.xcdatamodeld */ = {
			isa = XCVersionGroup;
			children = (
				54ACC28321061B3B0020715F /* DBv1.xcdatamodel */,
			);
			currentVersion = 54ACC28321061B3B0020715F /* DBv1.xcdatamodel */;
			path = DBv1.xcdatamodeld;
			sourceTree = "<group>";
			versionGroupType = wrapper.xcdatamodel;
		};
/* End XCVersionGroup section */
	};
	rootObject = 54ACC27421061B3B0020715F /* Project object */;
}
