// !$*UTF8*$!
{
	archiveVersion = 1;
	classes = {
	};
	objectVersion = 54;
	objects = {

/* Begin PBXBuildFile section */
		540F704521B6C16C0022E69D /* FeedMeta+Ext.m in Sources */ = {isa = PBXBuildFile; fileRef = 540F704421B6C16C0022E69D /* FeedMeta+Ext.m */; };
		54195883218A061100581B79 /* Feed+Ext.m in Sources */ = {isa = PBXBuildFile; fileRef = 54195882218A061100581B79 /* Feed+Ext.m */; };
		54195886218E1BDB00581B79 /* NSMenu+Ext.m in Sources */ = {isa = PBXBuildFile; fileRef = 54195885218E1BDB00581B79 /* NSMenu+Ext.m */; };
		541C67C32255470B004D2CE6 /* SettingsAppearance.m in Sources */ = {isa = PBXBuildFile; fileRef = 541C67C22255470B004D2CE6 /* SettingsAppearance.m */; };
		54209E942117325100F3B5EF /* DrawImage.m in Sources */ = {isa = PBXBuildFile; fileRef = 54209E932117325100F3B5EF /* DrawImage.m */; };
		54229F552E02491A0019ACB0 /* TinySVG.m in Sources */ = {isa = PBXBuildFile; fileRef = 54229F542E02491A0019ACB0 /* TinySVG.m */; };
		54253C7F2C47303A00742695 /* RegexConverter+Ext.m in Sources */ = {isa = PBXBuildFile; fileRef = 54253C7E2C47303A00742695 /* RegexConverter+Ext.m */; };
		54253C932C49BFCD00742695 /* RegexConverterModal.m in Sources */ = {isa = PBXBuildFile; fileRef = 54253C8A2C49A92400742695 /* RegexConverterModal.m */; };
		54253C942C49BFDC00742695 /* RegexConverterController.m in Sources */ = {isa = PBXBuildFile; fileRef = 54253C872C49A6A800742695 /* RegexConverterController.m */; };
		54253C952C49BFE400742695 /* RegexConverterView.m in Sources */ = {isa = PBXBuildFile; fileRef = 54253C842C47369000742695 /* RegexConverterView.m */; };
		544B011A2114B41200386E5C /* ModalSheet.m in Sources */ = {isa = PBXBuildFile; fileRef = 544B01192114B41200386E5C /* ModalSheet.m */; };
		544B011D2114EE9100386E5C /* AppHook.m in Sources */ = {isa = PBXBuildFile; fileRef = 544B011C2114EE9100386E5C /* AppHook.m */; };
		544F5A752E30EFC700674F81 /* style.css in Resources */ = {isa = PBXBuildFile; fileRef = 544F5A722E30EFC700674F81 /* style.css */; };
		544F5A762E30EFC700674F81 /* opml-lib.m in Sources */ = {isa = PBXBuildFile; fileRef = 544F5A702E30EFC700674F81 /* opml-lib.m */; };
		54501010230E9C8600F0B165 /* FeedDownload.m in Sources */ = {isa = PBXBuildFile; fileRef = 5450100F230E9C8600F0B165 /* FeedDownload.m */; };
		545EB5DA2EE8622200FABBE0 /* StrictUIntFormatter.m in Sources */ = {isa = PBXBuildFile; fileRef = 545EB5D92EE8622200FABBE0 /* StrictUIntFormatter.m */; };
		5469E13C2EA90C6C00D46CE7 /* NotifyEndpoint.m in Sources */ = {isa = PBXBuildFile; fileRef = 5469E13B2EA90C6C00D46CE7 /* NotifyEndpoint.m */; };
		546A6A2922C583390034E806 /* SettingsGeneralView.m in Sources */ = {isa = PBXBuildFile; fileRef = 54D857D122802309001BA1C8 /* SettingsGeneralView.m */; };
		546A6A2C22C584AF0034E806 /* SettingsAppearanceView.m in Sources */ = {isa = PBXBuildFile; fileRef = 546A6A2A22C584AF0034E806 /* SettingsAppearanceView.m */; };
		546A6A2F22C585580034E806 /* SettingsAboutView.m in Sources */ = {isa = PBXBuildFile; fileRef = 546A6A2D22C585580034E806 /* SettingsAboutView.m */; };
		546FC43D21188AD5007CC3A3 /* SettingsFeeds.m in Sources */ = {isa = PBXBuildFile; fileRef = 546FC43C21188AD5007CC3A3 /* SettingsFeeds.m */; };
		546FC44321189975007CC3A3 /* SettingsGeneral.m in Sources */ = {isa = PBXBuildFile; fileRef = 546FC44121189975007CC3A3 /* SettingsGeneral.m */; };
		5477D34E21233C62002BA27F /* FeedGroup+Ext.m in Sources */ = {isa = PBXBuildFile; fileRef = 5477D34D21233C62002BA27F /* FeedGroup+Ext.m */; };
		5478DF04225A7AE200D30C64 /* SettingsFeedsView.m in Sources */ = {isa = PBXBuildFile; fileRef = 5478DF03225A7AE200D30C64 /* SettingsFeedsView.m */; };
		5483296C2A3CDC38000688B9 /* RSXML2.framework in Frameworks */ = {isa = PBXBuildFile; fileRef = 548329652A3CDB22000688B9 /* RSXML2.framework */; };
		5483296D2A3CDC38000688B9 /* RSXML2.framework in Embed Frameworks */ = {isa = PBXBuildFile; fileRef = 548329652A3CDB22000688B9 /* RSXML2.framework */; settings = {ATTRIBUTES = (CodeSignOnCopy, RemoveHeadersOnCopy, ); }; };
		548C6D0A230C33DE003A1AAF /* NSURL+Ext.m in Sources */ = {isa = PBXBuildFile; fileRef = 548C6D09230C33DE003A1AAF /* NSURL+Ext.m */; };
		5491005D2331435E00858AE2 /* Download3rdParty.m in Sources */ = {isa = PBXBuildFile; fileRef = 5491005C2331435E00858AE2 /* Download3rdParty.m */; };
		54910067233A4D4000858AE2 /* URLScheme.m in Sources */ = {isa = PBXBuildFile; fileRef = 54910066233A4D4000858AE2 /* URLScheme.m */; };
		5496B511214D6275003ED4ED /* UserPrefs.m in Sources */ = {isa = PBXBuildFile; fileRef = 5496B510214D6275003ED4ED /* UserPrefs.m */; };
		54A07A7F220E04CF00082C51 /* NSFetchRequest+Ext.m in Sources */ = {isa = PBXBuildFile; fileRef = 54A07A7E220E04CF00082C51 /* NSFetchRequest+Ext.m */; };
		54A07A82220E723D00082C51 /* MapUnreadTotal.m in Sources */ = {isa = PBXBuildFile; fileRef = 54A07A81220E723D00082C51 /* MapUnreadTotal.m */; };
		54ACC28C21061B3C0020715F /* main.m in Sources */ = {isa = PBXBuildFile; fileRef = 54ACC28B21061B3C0020715F /* main.m */; };
		54ACC29521061E270020715F /* UpdateScheduler.m in Sources */ = {isa = PBXBuildFile; fileRef = 54ACC29421061E270020715F /* UpdateScheduler.m */; };
		54ACC29821061FBA0020715F /* Preferences.m in Sources */ = {isa = PBXBuildFile; fileRef = 54ACC29721061FBA0020715F /* Preferences.m */; };
		54AD4E0C2301853D000AE386 /* NSString+Ext.m in Sources */ = {isa = PBXBuildFile; fileRef = 54AD4E0B2301853D000AE386 /* NSString+Ext.m */; };
		54AD4EE72305B17D000AE386 /* container-migration.plist in Resources */ = {isa = PBXBuildFile; fileRef = 54AD4EE62305B17D000AE386 /* container-migration.plist */; };
		54AD90EA2E30C48400160925 /* Quartz.framework in Frameworks */ = {isa = PBXBuildFile; fileRef = 54AD90E92E30C48400160925 /* Quartz.framework */; };
		54AD90EE2E30C48400160925 /* PreviewViewController.m in Sources */ = {isa = PBXBuildFile; fileRef = 54AD90ED2E30C48400160925 /* PreviewViewController.m */; };
		54AD90F12E30C48400160925 /* PreviewViewController.xib in Resources */ = {isa = PBXBuildFile; fileRef = 54AD90EF2E30C48400160925 /* PreviewViewController.xib */; };
		54AD90F72E30C48400160925 /* QLOPML.appex in Embed Foundation Extensions */ = {isa = PBXBuildFile; fileRef = 54AD90E72E30C48400160925 /* QLOPML.appex */; settings = {ATTRIBUTES = (RemoveHeadersOnCopy, ); }; };
		54B51704226DC339006C1B29 /* ModalFeedEditView.m in Sources */ = {isa = PBXBuildFile; fileRef = 54B51703226DC339006C1B29 /* ModalFeedEditView.m */; };
		54B517072270E990006C1B29 /* NSView+Ext.m in Sources */ = {isa = PBXBuildFile; fileRef = 54B517062270E92A006C1B29 /* NSView+Ext.m */; };
		54B6F14A231551B3002C94C9 /* FaviconDownload.m in Sources */ = {isa = PBXBuildFile; fileRef = 54B6F149231551B3002C94C9 /* FaviconDownload.m */; };
		54B6F14E23155E1A002C94C9 /* NSURLRequest+Ext.m in Sources */ = {isa = PBXBuildFile; fileRef = 54B6F14D23155E1A002C94C9 /* NSURLRequest+Ext.m */; };
		54B749DA2204A85C0022CC6D /* BarStatusItem.m in Sources */ = {isa = PBXBuildFile; fileRef = 54B749D92204A85C0022CC6D /* BarStatusItem.m */; };
		54B749E0220636200022CC6D /* FeedArticle+Ext.m in Sources */ = {isa = PBXBuildFile; fileRef = 54B749DF220635CD0022CC6D /* FeedArticle+Ext.m */; };
		54BB048921FD2AB500C303A5 /* NSDate+Ext.m in Sources */ = {isa = PBXBuildFile; fileRef = 54BB048821FD2AB500C303A5 /* NSDate+Ext.m */; };
		54BF444A22D0F4F300660096 /* AppIcon.icns in Resources */ = {isa = PBXBuildFile; fileRef = 54BF444922D0F4F300660096 /* AppIcon.icns */; };
		54D10DDB2C6E930F0008F621 /* RegexFeed.m in Sources */ = {isa = PBXBuildFile; fileRef = 54D10DDA2C6E930F0008F621 /* RegexFeed.m */; };
		54D55D7322E624CD00057B98 /* SettingsFeeds+DragDrop.m in Sources */ = {isa = PBXBuildFile; fileRef = 54D55D7222E624CD00057B98 /* SettingsFeeds+DragDrop.m */; };
		54D857CE227C5785001BA1C8 /* RefreshStatisticsView.m in Sources */ = {isa = PBXBuildFile; fileRef = 54D857CD227C5785001BA1C8 /* RefreshStatisticsView.m */; };
		54DD9F1323D1D6B000B1EAA6 /* NSColor+Ext.m in Sources */ = {isa = PBXBuildFile; fileRef = 54DD9F1223D1D6B000B1EAA6 /* NSColor+Ext.m */; };
		54E3C02122EE076D006E2E24 /* opml-icon.icns in Resources */ = {isa = PBXBuildFile; fileRef = 54E3C02022EE076D006E2E24 /* opml-icon.icns */; };
		54E4446C2329AE0600BBF481 /* NSError+Ext.m in Sources */ = {isa = PBXBuildFile; fileRef = 54E4446B2329AE0600BBF481 /* NSError+Ext.m */; };
		54E88320211B509D00064188 /* ModalFeedEdit.m in Sources */ = {isa = PBXBuildFile; fileRef = 54E8831E211B509D00064188 /* ModalFeedEdit.m */; };
		54E9CF32225914300023696F /* SettingsAbout.m in Sources */ = {isa = PBXBuildFile; fileRef = 54E9CF31225914300023696F /* SettingsAbout.m */; };
		54F39C2E210BE1F700AEE730 /* DBv1.xcdatamodeld in Sources */ = {isa = PBXBuildFile; fileRef = 54ACC28221061B3B0020715F /* DBv1.xcdatamodeld */; };
		54F6025D21C1D4170006D338 /* OpmlFile.m in Sources */ = {isa = PBXBuildFile; fileRef = 54F6025C21C1D4170006D338 /* OpmlFile.m */; };
		54FE73D021220DEC003EAC65 /* StoreCoordinator.m in Sources */ = {isa = PBXBuildFile; fileRef = 54FE73CF21220DEC003EAC65 /* StoreCoordinator.m */; };
		54FE73D3212316CD003EAC65 /* BarMenu.m in Sources */ = {isa = PBXBuildFile; fileRef = 54FE73D2212316CD003EAC65 /* BarMenu.m */; };
/* End PBXBuildFile section */

/* Begin PBXContainerItemProxy section */
		548329642A3CDB22000688B9 /* PBXContainerItemProxy */ = {
			isa = PBXContainerItemProxy;
			containerPortal = 5483295E2A3CDB22000688B9 /* RSXML2.xcodeproj */;
			proxyType = 2;
			remoteGlobalIDString = 84F22C0D1B52DDEA000060CE;
			remoteInfo = RSXML2;
		};
		548329662A3CDB22000688B9 /* PBXContainerItemProxy */ = {
			isa = PBXContainerItemProxy;
			containerPortal = 5483295E2A3CDB22000688B9 /* RSXML2.xcodeproj */;
			proxyType = 2;
			remoteGlobalIDString = 84F22C171B52DDEA000060CE;
			remoteInfo = RSXML2Tests;
		};
		54AD90F42E30C48400160925 /* PBXContainerItemProxy */ = {
			isa = PBXContainerItemProxy;
			containerPortal = 54ACC27421061B3B0020715F /* Project object */;
			proxyType = 1;
			remoteGlobalIDString = 54AD90E62E30C48400160925;
			remoteInfo = QLOPML;
		};
/* End PBXContainerItemProxy section */

/* Begin PBXCopyFilesBuildPhase section */
		544DCCBB212A2B4D002DBC46 /* Embed Frameworks */ = {
			isa = PBXCopyFilesBuildPhase;
			buildActionMask = 2147483647;
			dstPath = "";
			dstSubfolderSpec = 10;
			files = (
				5483296D2A3CDC38000688B9 /* RSXML2.framework in Embed Frameworks */,
			);
			name = "Embed Frameworks";
			runOnlyForDeploymentPostprocessing = 0;
		};
		54AD90F62E30C48400160925 /* Embed Foundation Extensions */ = {
			isa = PBXCopyFilesBuildPhase;
			buildActionMask = 2147483647;
			dstPath = "";
			dstSubfolderSpec = 13;
			files = (
				54AD90F72E30C48400160925 /* QLOPML.appex in Embed Foundation Extensions */,
			);
			name = "Embed Foundation Extensions";
			runOnlyForDeploymentPostprocessing = 0;
		};
/* End PBXCopyFilesBuildPhase section */

/* Begin PBXFileReference section */
		540CD14821C094A2004AB594 /* README.md */ = {isa = PBXFileReference; fileEncoding = 4; lastKnownFileType = net.daringfireball.markdown; path = README.md; sourceTree = "<group>"; };
		540F704321B6C16C0022E69D /* FeedMeta+Ext.h */ = {isa = PBXFileReference; lastKnownFileType = sourcecode.c.h; path = "FeedMeta+Ext.h"; sourceTree = "<group>"; };
		540F704421B6C16C0022E69D /* FeedMeta+Ext.m */ = {isa = PBXFileReference; lastKnownFileType = sourcecode.c.objc; path = "FeedMeta+Ext.m"; sourceTree = "<group>"; };
		54195881218A061100581B79 /* Feed+Ext.h */ = {isa = PBXFileReference; lastKnownFileType = sourcecode.c.h; path = "Feed+Ext.h"; sourceTree = "<group>"; };
		54195882218A061100581B79 /* Feed+Ext.m */ = {isa = PBXFileReference; lastKnownFileType = sourcecode.c.objc; path = "Feed+Ext.m"; sourceTree = "<group>"; };
		54195884218E1BDB00581B79 /* NSMenu+Ext.h */ = {isa = PBXFileReference; lastKnownFileType = sourcecode.c.h; path = "NSMenu+Ext.h"; sourceTree = "<group>"; };
		54195885218E1BDB00581B79 /* NSMenu+Ext.m */ = {isa = PBXFileReference; lastKnownFileType = sourcecode.c.objc; path = "NSMenu+Ext.m"; sourceTree = "<group>"; };
		541958872190FF1200581B79 /* Constants.h */ = {isa = PBXFileReference; lastKnownFileType = sourcecode.c.h; path = Constants.h; sourceTree = "<group>"; };
		541C67C12255470B004D2CE6 /* SettingsAppearance.h */ = {isa = PBXFileReference; lastKnownFileType = sourcecode.c.h; path = SettingsAppearance.h; sourceTree = "<group>"; };
		541C67C22255470B004D2CE6 /* SettingsAppearance.m */ = {isa = PBXFileReference; lastKnownFileType = sourcecode.c.objc; path = SettingsAppearance.m; sourceTree = "<group>"; };
		54209E922117325100F3B5EF /* DrawImage.h */ = {isa = PBXFileReference; fileEncoding = 4; lastKnownFileType = sourcecode.c.h; path = DrawImage.h; sourceTree = "<group>"; };
		54209E932117325100F3B5EF /* DrawImage.m */ = {isa = PBXFileReference; fileEncoding = 4; lastKnownFileType = sourcecode.c.objc; path = DrawImage.m; sourceTree = "<group>"; };
		54229F532E02491A0019ACB0 /* TinySVG.h */ = {isa = PBXFileReference; fileEncoding = 4; lastKnownFileType = sourcecode.c.h; path = TinySVG.h; sourceTree = "<group>"; };
		54229F542E02491A0019ACB0 /* TinySVG.m */ = {isa = PBXFileReference; fileEncoding = 4; lastKnownFileType = sourcecode.c.objc; path = TinySVG.m; sourceTree = "<group>"; };
		54253C7A2C47303A00742695 /* RegexConverter+Ext.h */ = {isa = PBXFileReference; lastKnownFileType = sourcecode.c.h; path = "RegexConverter+Ext.h"; sourceTree = "<group>"; };
		54253C7E2C47303A00742695 /* RegexConverter+Ext.m */ = {isa = PBXFileReference; lastKnownFileType = sourcecode.c.objc; path = "RegexConverter+Ext.m"; sourceTree = "<group>"; };
		54253C832C47368F00742695 /* RegexConverterView.h */ = {isa = PBXFileReference; lastKnownFileType = sourcecode.c.h; path = RegexConverterView.h; sourceTree = "<group>"; };
		54253C842C47369000742695 /* RegexConverterView.m */ = {isa = PBXFileReference; lastKnownFileType = sourcecode.c.objc; path = RegexConverterView.m; sourceTree = "<group>"; };
		54253C872C49A6A800742695 /* RegexConverterController.m */ = {isa = PBXFileReference; lastKnownFileType = sourcecode.c.objc; path = RegexConverterController.m; sourceTree = "<group>"; };
		54253C882C49A6A800742695 /* RegexConverterController.h */ = {isa = PBXFileReference; lastKnownFileType = sourcecode.c.h; path = RegexConverterController.h; sourceTree = "<group>"; };
		54253C8A2C49A92400742695 /* RegexConverterModal.m */ = {isa = PBXFileReference; lastKnownFileType = sourcecode.c.objc; path = RegexConverterModal.m; sourceTree = "<group>"; };
		54253C8B2C49A92400742695 /* RegexConverterModal.h */ = {isa = PBXFileReference; lastKnownFileType = sourcecode.c.h; path = RegexConverterModal.h; sourceTree = "<group>"; };
		544B01182114B41200386E5C /* ModalSheet.h */ = {isa = PBXFileReference; fileEncoding = 4; lastKnownFileType = sourcecode.c.h; path = ModalSheet.h; sourceTree = "<group>"; };
		544B01192114B41200386E5C /* ModalSheet.m */ = {isa = PBXFileReference; fileEncoding = 4; lastKnownFileType = sourcecode.c.objc; path = ModalSheet.m; sourceTree = "<group>"; };
		544B011B2114EE9100386E5C /* AppHook.h */ = {isa = PBXFileReference; fileEncoding = 4; lastKnownFileType = sourcecode.c.h; path = AppHook.h; sourceTree = "<group>"; };
		544B011C2114EE9100386E5C /* AppHook.m */ = {isa = PBXFileReference; fileEncoding = 4; lastKnownFileType = sourcecode.c.objc; path = AppHook.m; sourceTree = "<group>"; };
		544F5A6F2E30EFC700674F81 /* opml-lib.h */ = {isa = PBXFileReference; lastKnownFileType = sourcecode.c.h; path = "opml-lib.h"; sourceTree = "<group>"; };
		544F5A702E30EFC700674F81 /* opml-lib.m */ = {isa = PBXFileReference; lastKnownFileType = sourcecode.c.objc; path = "opml-lib.m"; sourceTree = "<group>"; };
		544F5A722E30EFC700674F81 /* style.css */ = {isa = PBXFileReference; lastKnownFileType = text.css; path = style.css; sourceTree = "<group>"; };
		5450100E230E9C8600F0B165 /* FeedDownload.h */ = {isa = PBXFileReference; lastKnownFileType = sourcecode.c.h; path = FeedDownload.h; sourceTree = "<group>"; };
		5450100F230E9C8600F0B165 /* FeedDownload.m */ = {isa = PBXFileReference; lastKnownFileType = sourcecode.c.objc; path = FeedDownload.m; sourceTree = "<group>"; };
		545EB5D62EE8620300FABBE0 /* StrictUIntFormatter.h */ = {isa = PBXFileReference; lastKnownFileType = sourcecode.c.h; path = StrictUIntFormatter.h; sourceTree = "<group>"; };
		545EB5D92EE8622200FABBE0 /* StrictUIntFormatter.m */ = {isa = PBXFileReference; lastKnownFileType = sourcecode.c.objc; path = StrictUIntFormatter.m; sourceTree = "<group>"; };
		5469E13A2EA90C6C00D46CE7 /* NotifyEndpoint.h */ = {isa = PBXFileReference; lastKnownFileType = sourcecode.c.h; path = NotifyEndpoint.h; sourceTree = "<group>"; };
		5469E13B2EA90C6C00D46CE7 /* NotifyEndpoint.m */ = {isa = PBXFileReference; lastKnownFileType = sourcecode.c.objc; path = NotifyEndpoint.m; sourceTree = "<group>"; };
		546A6A2A22C584AF0034E806 /* SettingsAppearanceView.m */ = {isa = PBXFileReference; fileEncoding = 4; lastKnownFileType = sourcecode.c.objc; path = SettingsAppearanceView.m; sourceTree = "<group>"; };
		546A6A2B22C584AF0034E806 /* SettingsAppearanceView.h */ = {isa = PBXFileReference; fileEncoding = 4; lastKnownFileType = sourcecode.c.h; path = SettingsAppearanceView.h; sourceTree = "<group>"; };
		546A6A2D22C585580034E806 /* SettingsAboutView.m */ = {isa = PBXFileReference; fileEncoding = 4; lastKnownFileType = sourcecode.c.objc; path = SettingsAboutView.m; sourceTree = "<group>"; };
		546A6A2E22C585580034E806 /* SettingsAboutView.h */ = {isa = PBXFileReference; fileEncoding = 4; lastKnownFileType = sourcecode.c.h; path = SettingsAboutView.h; sourceTree = "<group>"; };
		546BD1882EDE156000943942 /* Config.xcconfig */ = {isa = PBXFileReference; lastKnownFileType = text.xcconfig; path = Config.xcconfig; sourceTree = "<group>"; };
		546BD1892EDE156000943942 /* Config-debug.xcconfig */ = {isa = PBXFileReference; lastKnownFileType = text.xcconfig; path = "Config-debug.xcconfig"; sourceTree = "<group>"; };
		546FC43B21188AD5007CC3A3 /* SettingsFeeds.h */ = {isa = PBXFileReference; fileEncoding = 4; lastKnownFileType = sourcecode.c.h; path = SettingsFeeds.h; sourceTree = "<group>"; };
		546FC43C21188AD5007CC3A3 /* SettingsFeeds.m */ = {isa = PBXFileReference; fileEncoding = 4; lastKnownFileType = sourcecode.c.objc; path = SettingsFeeds.m; sourceTree = "<group>"; };
		546FC44021189975007CC3A3 /* SettingsGeneral.h */ = {isa = PBXFileReference; fileEncoding = 4; lastKnownFileType = sourcecode.c.h; path = SettingsGeneral.h; sourceTree = "<group>"; };
		546FC44121189975007CC3A3 /* SettingsGeneral.m */ = {isa = PBXFileReference; fileEncoding = 4; lastKnownFileType = sourcecode.c.objc; path = SettingsGeneral.m; sourceTree = "<group>"; };
		5477D34C21233C62002BA27F /* FeedGroup+Ext.h */ = {isa = PBXFileReference; lastKnownFileType = sourcecode.c.h; path = "FeedGroup+Ext.h"; sourceTree = "<group>"; };
		5477D34D21233C62002BA27F /* FeedGroup+Ext.m */ = {isa = PBXFileReference; lastKnownFileType = sourcecode.c.objc; path = "FeedGroup+Ext.m"; sourceTree = "<group>"; };
		5478DF02225A7AE200D30C64 /* SettingsFeedsView.h */ = {isa = PBXFileReference; lastKnownFileType = sourcecode.c.h; path = SettingsFeedsView.h; sourceTree = "<group>"; };
		5478DF03225A7AE200D30C64 /* SettingsFeedsView.m */ = {isa = PBXFileReference; lastKnownFileType = sourcecode.c.objc; path = SettingsFeedsView.m; sourceTree = "<group>"; };
		5483295E2A3CDB22000688B9 /* RSXML2.xcodeproj */ = {isa = PBXFileReference; lastKnownFileType = "wrapper.pb-project"; name = RSXML2.xcodeproj; path = ../RSXML2/RSXML2.xcodeproj; sourceTree = "<group>"; };
		54892F1D2235285700271CBA /* CHANGELOG.md */ = {isa = PBXFileReference; fileEncoding = 4; lastKnownFileType = net.daringfireball.markdown; path = CHANGELOG.md; sourceTree = "<group>"; };
		548C6D08230C33DE003A1AAF /* NSURL+Ext.h */ = {isa = PBXFileReference; lastKnownFileType = sourcecode.c.h; path = "NSURL+Ext.h"; sourceTree = "<group>"; };
		548C6D09230C33DE003A1AAF /* NSURL+Ext.m */ = {isa = PBXFileReference; lastKnownFileType = sourcecode.c.objc; path = "NSURL+Ext.m"; sourceTree = "<group>"; };
		5491005B2331435E00858AE2 /* Download3rdParty.h */ = {isa = PBXFileReference; lastKnownFileType = sourcecode.c.h; path = Download3rdParty.h; sourceTree = "<group>"; };
		5491005C2331435E00858AE2 /* Download3rdParty.m */ = {isa = PBXFileReference; lastKnownFileType = sourcecode.c.objc; path = Download3rdParty.m; sourceTree = "<group>"; };
		54910065233A4D4000858AE2 /* URLScheme.h */ = {isa = PBXFileReference; lastKnownFileType = sourcecode.c.h; path = URLScheme.h; sourceTree = "<group>"; };
		54910066233A4D4000858AE2 /* URLScheme.m */ = {isa = PBXFileReference; lastKnownFileType = sourcecode.c.objc; path = URLScheme.m; sourceTree = "<group>"; };
		5496B50F214D6275003ED4ED /* UserPrefs.h */ = {isa = PBXFileReference; lastKnownFileType = sourcecode.c.h; path = UserPrefs.h; sourceTree = "<group>"; };
		5496B510214D6275003ED4ED /* UserPrefs.m */ = {isa = PBXFileReference; lastKnownFileType = sourcecode.c.objc; path = UserPrefs.m; sourceTree = "<group>"; };
		54A07A7D220E04CF00082C51 /* NSFetchRequest+Ext.h */ = {isa = PBXFileReference; lastKnownFileType = sourcecode.c.h; path = "NSFetchRequest+Ext.h"; sourceTree = "<group>"; };
		54A07A7E220E04CF00082C51 /* NSFetchRequest+Ext.m */ = {isa = PBXFileReference; lastKnownFileType = sourcecode.c.objc; path = "NSFetchRequest+Ext.m"; sourceTree = "<group>"; };
		54A07A80220E723D00082C51 /* MapUnreadTotal.h */ = {isa = PBXFileReference; lastKnownFileType = sourcecode.c.h; path = MapUnreadTotal.h; sourceTree = "<group>"; };
		54A07A81220E723D00082C51 /* MapUnreadTotal.m */ = {isa = PBXFileReference; lastKnownFileType = sourcecode.c.objc; path = MapUnreadTotal.m; sourceTree = "<group>"; };
		54ACC27C21061B3B0020715F /* baRSS Beta.app */ = {isa = PBXFileReference; explicitFileType = wrapper.application; includeInIndex = 0; path = "baRSS Beta.app"; sourceTree = BUILT_PRODUCTS_DIR; };
		54ACC28321061B3B0020715F /* DBv1.xcdatamodel */ = {isa = PBXFileReference; lastKnownFileType = wrapper.xcdatamodel; path = DBv1.xcdatamodel; sourceTree = "<group>"; };
		54ACC28A21061B3C0020715F /* Info.plist */ = {isa = PBXFileReference; lastKnownFileType = text.plist.xml; path = Info.plist; sourceTree = "<group>"; };
		54ACC28B21061B3C0020715F /* main.m */ = {isa = PBXFileReference; fileEncoding = 4; lastKnownFileType = sourcecode.c.objc; path = main.m; sourceTree = "<group>"; };
		54ACC29321061E270020715F /* UpdateScheduler.h */ = {isa = PBXFileReference; fileEncoding = 4; lastKnownFileType = sourcecode.c.h; path = UpdateScheduler.h; sourceTree = "<group>"; };
		54ACC29421061E270020715F /* UpdateScheduler.m */ = {isa = PBXFileReference; fileEncoding = 4; lastKnownFileType = sourcecode.c.objc; path = UpdateScheduler.m; sourceTree = "<group>"; };
		54ACC29621061FBA0020715F /* Preferences.h */ = {isa = PBXFileReference; fileEncoding = 4; lastKnownFileType = sourcecode.c.h; path = Preferences.h; sourceTree = "<group>"; };
		54ACC29721061FBA0020715F /* Preferences.m */ = {isa = PBXFileReference; fileEncoding = 4; lastKnownFileType = sourcecode.c.objc; path = Preferences.m; sourceTree = "<group>"; };
		54AD4E0A2301853D000AE386 /* NSString+Ext.h */ = {isa = PBXFileReference; lastKnownFileType = sourcecode.c.h; path = "NSString+Ext.h"; sourceTree = "<group>"; };
		54AD4E0B2301853D000AE386 /* NSString+Ext.m */ = {isa = PBXFileReference; lastKnownFileType = sourcecode.c.objc; path = "NSString+Ext.m"; sourceTree = "<group>"; };
		54AD4EE42305AF60000AE386 /* baRSS.entitlements */ = {isa = PBXFileReference; lastKnownFileType = text.plist.entitlements; path = baRSS.entitlements; sourceTree = "<group>"; };
		54AD4EE62305B17D000AE386 /* container-migration.plist */ = {isa = PBXFileReference; lastKnownFileType = text.plist.xml; path = "container-migration.plist"; sourceTree = "<group>"; };
		54AD90E72E30C48400160925 /* QLOPML.appex */ = {isa = PBXFileReference; explicitFileType = "wrapper.app-extension"; includeInIndex = 0; path = QLOPML.appex; sourceTree = BUILT_PRODUCTS_DIR; };
		54AD90E92E30C48400160925 /* Quartz.framework */ = {isa = PBXFileReference; lastKnownFileType = wrapper.framework; name = Quartz.framework; path = System/Library/Frameworks/Quartz.framework; sourceTree = SDKROOT; };
		54AD90EC2E30C48400160925 /* PreviewViewController.h */ = {isa = PBXFileReference; lastKnownFileType = sourcecode.c.h; path = PreviewViewController.h; sourceTree = "<group>"; };
		54AD90ED2E30C48400160925 /* PreviewViewController.m */ = {isa = PBXFileReference; lastKnownFileType = sourcecode.c.objc; path = PreviewViewController.m; sourceTree = "<group>"; };
		54AD90F02E30C48400160925 /* Base */ = {isa = PBXFileReference; lastKnownFileType = file.xib; name = Base; path = Base.lproj/PreviewViewController.xib; sourceTree = "<group>"; };
		54AD90F22E30C48400160925 /* Info.plist */ = {isa = PBXFileReference; lastKnownFileType = text.plist.xml; path = Info.plist; sourceTree = "<group>"; };
		54AD90F32E30C48400160925 /* QLOPML.entitlements */ = {isa = PBXFileReference; lastKnownFileType = text.plist.entitlements; path = QLOPML.entitlements; sourceTree = "<group>"; };
		54B51702226DC339006C1B29 /* ModalFeedEditView.h */ = {isa = PBXFileReference; lastKnownFileType = sourcecode.c.h; path = ModalFeedEditView.h; sourceTree = "<group>"; };
		54B51703226DC339006C1B29 /* ModalFeedEditView.m */ = {isa = PBXFileReference; lastKnownFileType = sourcecode.c.objc; path = ModalFeedEditView.m; sourceTree = "<group>"; };
		54B517052270E8C6006C1B29 /* NSView+Ext.h */ = {isa = PBXFileReference; lastKnownFileType = sourcecode.c.h; path = "NSView+Ext.h"; sourceTree = "<group>"; };
		54B517062270E92A006C1B29 /* NSView+Ext.m */ = {isa = PBXFileReference; fileEncoding = 4; lastKnownFileType = sourcecode.c.objc; path = "NSView+Ext.m"; sourceTree = "<group>"; };
		54B6F148231551B3002C94C9 /* FaviconDownload.h */ = {isa = PBXFileReference; lastKnownFileType = sourcecode.c.h; path = FaviconDownload.h; sourceTree = "<group>"; };
		54B6F149231551B3002C94C9 /* FaviconDownload.m */ = {isa = PBXFileReference; lastKnownFileType = sourcecode.c.objc; path = FaviconDownload.m; sourceTree = "<group>"; };
		54B6F14C23155E1A002C94C9 /* NSURLRequest+Ext.h */ = {isa = PBXFileReference; lastKnownFileType = sourcecode.c.h; path = "NSURLRequest+Ext.h"; sourceTree = "<group>"; };
		54B6F14D23155E1A002C94C9 /* NSURLRequest+Ext.m */ = {isa = PBXFileReference; lastKnownFileType = sourcecode.c.objc; path = "NSURLRequest+Ext.m"; sourceTree = "<group>"; };
		54B749D82204A85C0022CC6D /* BarStatusItem.h */ = {isa = PBXFileReference; lastKnownFileType = sourcecode.c.h; path = BarStatusItem.h; sourceTree = "<group>"; };
		54B749D92204A85C0022CC6D /* BarStatusItem.m */ = {isa = PBXFileReference; lastKnownFileType = sourcecode.c.objc; path = BarStatusItem.m; sourceTree = "<group>"; };
		54B749DE220635BE0022CC6D /* FeedArticle+Ext.h */ = {isa = PBXFileReference; lastKnownFileType = sourcecode.c.h; path = "FeedArticle+Ext.h"; sourceTree = "<group>"; };
		54B749DF220635CD0022CC6D /* FeedArticle+Ext.m */ = {isa = PBXFileReference; lastKnownFileType = sourcecode.c.objc; path = "FeedArticle+Ext.m"; sourceTree = "<group>"; };
		54BB048721FD2AB500C303A5 /* NSDate+Ext.h */ = {isa = PBXFileReference; fileEncoding = 4; lastKnownFileType = sourcecode.c.h; path = "NSDate+Ext.h"; sourceTree = "<group>"; };
		54BB048821FD2AB500C303A5 /* NSDate+Ext.m */ = {isa = PBXFileReference; fileEncoding = 4; lastKnownFileType = sourcecode.c.objc; path = "NSDate+Ext.m"; sourceTree = "<group>"; };
		54BF444922D0F4F300660096 /* AppIcon.icns */ = {isa = PBXFileReference; lastKnownFileType = image.icns; path = AppIcon.icns; sourceTree = "<group>"; };
		54D10DD92C6E930F0008F621 /* RegexFeed.h */ = {isa = PBXFileReference; lastKnownFileType = sourcecode.c.h; path = RegexFeed.h; sourceTree = "<group>"; };
		54D10DDA2C6E930F0008F621 /* RegexFeed.m */ = {isa = PBXFileReference; lastKnownFileType = sourcecode.c.objc; path = RegexFeed.m; sourceTree = "<group>"; };
		54D55D7122E624CD00057B98 /* SettingsFeeds+DragDrop.h */ = {isa = PBXFileReference; lastKnownFileType = sourcecode.c.h; path = "SettingsFeeds+DragDrop.h"; sourceTree = "<group>"; };
		54D55D7222E624CD00057B98 /* SettingsFeeds+DragDrop.m */ = {isa = PBXFileReference; lastKnownFileType = sourcecode.c.objc; path = "SettingsFeeds+DragDrop.m"; sourceTree = "<group>"; };
		54D857CC227C5785001BA1C8 /* RefreshStatisticsView.h */ = {isa = PBXFileReference; lastKnownFileType = sourcecode.c.h; path = RefreshStatisticsView.h; sourceTree = "<group>"; };
		54D857CD227C5785001BA1C8 /* RefreshStatisticsView.m */ = {isa = PBXFileReference; lastKnownFileType = sourcecode.c.objc; path = RefreshStatisticsView.m; sourceTree = "<group>"; };
		54D857D022802309001BA1C8 /* SettingsGeneralView.h */ = {isa = PBXFileReference; lastKnownFileType = sourcecode.c.h; path = SettingsGeneralView.h; sourceTree = "<group>"; };
		54D857D122802309001BA1C8 /* SettingsGeneralView.m */ = {isa = PBXFileReference; lastKnownFileType = sourcecode.c.objc; path = SettingsGeneralView.m; sourceTree = "<group>"; };
		54DD9F1123D1D6B000B1EAA6 /* NSColor+Ext.h */ = {isa = PBXFileReference; lastKnownFileType = sourcecode.c.h; path = "NSColor+Ext.h"; sourceTree = "<group>"; };
		54DD9F1223D1D6B000B1EAA6 /* NSColor+Ext.m */ = {isa = PBXFileReference; lastKnownFileType = sourcecode.c.objc; path = "NSColor+Ext.m"; sourceTree = "<group>"; };
		54E3C02022EE076D006E2E24 /* opml-icon.icns */ = {isa = PBXFileReference; lastKnownFileType = image.icns; path = "opml-icon.icns"; sourceTree = "<group>"; };
		54E4446A2329AE0600BBF481 /* NSError+Ext.h */ = {isa = PBXFileReference; lastKnownFileType = sourcecode.c.h; path = "NSError+Ext.h"; sourceTree = "<group>"; };
		54E4446B2329AE0600BBF481 /* NSError+Ext.m */ = {isa = PBXFileReference; lastKnownFileType = sourcecode.c.objc; path = "NSError+Ext.m"; sourceTree = "<group>"; };
		54E8831D211B509D00064188 /* ModalFeedEdit.h */ = {isa = PBXFileReference; fileEncoding = 4; lastKnownFileType = sourcecode.c.h; path = ModalFeedEdit.h; sourceTree = "<group>"; };
		54E8831E211B509D00064188 /* ModalFeedEdit.m */ = {isa = PBXFileReference; fileEncoding = 4; lastKnownFileType = sourcecode.c.objc; path = ModalFeedEdit.m; sourceTree = "<group>"; };
		54E9CF30225914300023696F /* SettingsAbout.h */ = {isa = PBXFileReference; lastKnownFileType = sourcecode.c.h; path = SettingsAbout.h; sourceTree = "<group>"; };
		54E9CF31225914300023696F /* SettingsAbout.m */ = {isa = PBXFileReference; lastKnownFileType = sourcecode.c.objc; path = SettingsAbout.m; sourceTree = "<group>"; };
		54F6025B21C1D4170006D338 /* OpmlFile.h */ = {isa = PBXFileReference; lastKnownFileType = sourcecode.c.h; path = OpmlFile.h; sourceTree = "<group>"; };
		54F6025C21C1D4170006D338 /* OpmlFile.m */ = {isa = PBXFileReference; lastKnownFileType = sourcecode.c.objc; path = OpmlFile.m; sourceTree = "<group>"; };
		54FE73CE21220DEC003EAC65 /* StoreCoordinator.h */ = {isa = PBXFileReference; lastKnownFileType = sourcecode.c.h; path = StoreCoordinator.h; sourceTree = "<group>"; };
		54FE73CF21220DEC003EAC65 /* StoreCoordinator.m */ = {isa = PBXFileReference; lastKnownFileType = sourcecode.c.objc; path = StoreCoordinator.m; sourceTree = "<group>"; };
		54FE73D1212316CD003EAC65 /* BarMenu.h */ = {isa = PBXFileReference; lastKnownFileType = sourcecode.c.h; path = BarMenu.h; sourceTree = "<group>"; };
		54FE73D2212316CD003EAC65 /* BarMenu.m */ = {isa = PBXFileReference; lastKnownFileType = sourcecode.c.objc; path = BarMenu.m; sourceTree = "<group>"; };
/* End PBXFileReference section */

/* Begin PBXFrameworksBuildPhase section */
		54ACC27921061B3B0020715F /* Frameworks */ = {
			isa = PBXFrameworksBuildPhase;
			buildActionMask = 2147483647;
			files = (
				5483296C2A3CDC38000688B9 /* RSXML2.framework in Frameworks */,
			);
			runOnlyForDeploymentPostprocessing = 0;
		};
		54AD90E42E30C48400160925 /* Frameworks */ = {
			isa = PBXFrameworksBuildPhase;
			buildActionMask = 2147483647;
			files = (
				54AD90EA2E30C48400160925 /* Quartz.framework in Frameworks */,
			);
			runOnlyForDeploymentPostprocessing = 0;
		};
/* End PBXFrameworksBuildPhase section */

/* Begin PBXGroup section */
		541A90EF21257D4F002680A6 /* Status Bar Menu */ = {
			isa = PBXGroup;
			children = (
				54B749D82204A85C0022CC6D /* BarStatusItem.h */,
				54B749D92204A85C0022CC6D /* BarStatusItem.m */,
				54FE73D1212316CD003EAC65 /* BarMenu.h */,
				54FE73D2212316CD003EAC65 /* BarMenu.m */,
				54A07A80220E723D00082C51 /* MapUnreadTotal.h */,
				54A07A81220E723D00082C51 /* MapUnreadTotal.m */,
				54195884218E1BDB00581B79 /* NSMenu+Ext.h */,
				54195885218E1BDB00581B79 /* NSMenu+Ext.m */,
			);
			path = "Status Bar Menu";
			sourceTree = "<group>";
		};
		54253C862C49A5A900742695 /* Regex Editor */ = {
			isa = PBXGroup;
			children = (
				54253C8B2C49A92400742695 /* RegexConverterModal.h */,
				54253C8A2C49A92400742695 /* RegexConverterModal.m */,
				54253C882C49A6A800742695 /* RegexConverterController.h */,
				54253C872C49A6A800742695 /* RegexConverterController.m */,
				54253C832C47368F00742695 /* RegexConverterView.h */,
				54253C842C47369000742695 /* RegexConverterView.m */,
				54D10DD92C6E930F0008F621 /* RegexFeed.h */,
				54D10DDA2C6E930F0008F621 /* RegexFeed.m */,
			);
			path = "Regex Editor";
			sourceTree = "<group>";
		};
		544936F721F1E51E00DEE9AA /* NSCategories */ = {
			isa = PBXGroup;
			children = (
				54DD9F1123D1D6B000B1EAA6 /* NSColor+Ext.h */,
				54DD9F1223D1D6B000B1EAA6 /* NSColor+Ext.m */,
				54BB048721FD2AB500C303A5 /* NSDate+Ext.h */,
				54BB048821FD2AB500C303A5 /* NSDate+Ext.m */,
				54E4446A2329AE0600BBF481 /* NSError+Ext.h */,
				54E4446B2329AE0600BBF481 /* NSError+Ext.m */,
				548C6D08230C33DE003A1AAF /* NSURL+Ext.h */,
				548C6D09230C33DE003A1AAF /* NSURL+Ext.m */,
				54B6F14C23155E1A002C94C9 /* NSURLRequest+Ext.h */,
				54B6F14D23155E1A002C94C9 /* NSURLRequest+Ext.m */,
				54AD4E0A2301853D000AE386 /* NSString+Ext.h */,
				54AD4E0B2301853D000AE386 /* NSString+Ext.m */,
				54B517052270E8C6006C1B29 /* NSView+Ext.h */,
				54B517062270E92A006C1B29 /* NSView+Ext.m */,
			);
			path = NSCategories;
			sourceTree = "<group>";
		};
		5469E1372EA90C3500D46CE7 /* Notifications */ = {
			isa = PBXGroup;
			children = (
				5469E13A2EA90C6C00D46CE7 /* NotifyEndpoint.h */,
				5469E13B2EA90C6C00D46CE7 /* NotifyEndpoint.m */,
			);
			path = Notifications;
			sourceTree = "<group>";
		};
		546FC44D2118B357007CC3A3 /* Preferences */ = {
			isa = PBXGroup;
			children = (
				54ACC29621061FBA0020715F /* Preferences.h */,
				54ACC29721061FBA0020715F /* Preferences.m */,
				544B01182114B41200386E5C /* ModalSheet.h */,
				544B01192114B41200386E5C /* ModalSheet.m */,
				54D857CF228022AB001BA1C8 /* General Tab */,
				54E88323211B542E00064188 /* Feeds Tab */,
				54D857D3228035D4001BA1C8 /* Appearance Tab */,
				54D857D72280C367001BA1C8 /* About Tab */,
			);
			path = Preferences;
			sourceTree = "<group>";
		};
		5483295F2A3CDB22000688B9 /* Products */ = {
			isa = PBXGroup;
			children = (
				548329652A3CDB22000688B9 /* RSXML2.framework */,
				548329672A3CDB22000688B9 /* RSXML2Tests.xctest */,
			);
			name = Products;
			sourceTree = "<group>";
		};
		54A07A8322105E0800082C51 /* Core Data */ = {
			isa = PBXGroup;
			children = (
				54A07A7D220E04CF00082C51 /* NSFetchRequest+Ext.h */,
				54A07A7E220E04CF00082C51 /* NSFetchRequest+Ext.m */,
				54FE73CE21220DEC003EAC65 /* StoreCoordinator.h */,
				54FE73CF21220DEC003EAC65 /* StoreCoordinator.m */,
				54195881218A061100581B79 /* Feed+Ext.h */,
				54195882218A061100581B79 /* Feed+Ext.m */,
				5477D34C21233C62002BA27F /* FeedGroup+Ext.h */,
				5477D34D21233C62002BA27F /* FeedGroup+Ext.m */,
				540F704321B6C16C0022E69D /* FeedMeta+Ext.h */,
				540F704421B6C16C0022E69D /* FeedMeta+Ext.m */,
				54253C7A2C47303A00742695 /* RegexConverter+Ext.h */,
				54253C7E2C47303A00742695 /* RegexConverter+Ext.m */,
				54B749DE220635BE0022CC6D /* FeedArticle+Ext.h */,
				54B749DF220635CD0022CC6D /* FeedArticle+Ext.m */,
			);
			path = "Core Data";
			sourceTree = "<group>";
		};
		54ACC27321061B3B0020715F = {
			isa = PBXGroup;
			children = (
				546BD1882EDE156000943942 /* Config.xcconfig */,
				546BD1892EDE156000943942 /* Config-debug.xcconfig */,
				540CD14821C094A2004AB594 /* README.md */,
				54892F1D2235285700271CBA /* CHANGELOG.md */,
				54ACC27E21061B3B0020715F /* baRSS */,
				5483295E2A3CDB22000688B9 /* RSXML2.xcodeproj */,
				54AD90EB2E30C48400160925 /* QLOPML */,
				54AD90E82E30C48400160925 /* Frameworks */,
				54ACC27D21061B3B0020715F /* Products */,
			);
			sourceTree = "<group>";
		};
		54ACC27D21061B3B0020715F /* Products */ = {
			isa = PBXGroup;
			children = (
				54ACC27C21061B3B0020715F /* baRSS Beta.app */,
				54AD90E72E30C48400160925 /* QLOPML.appex */,
			);
			name = Products;
			sourceTree = "<group>";
		};
		54ACC27E21061B3B0020715F /* baRSS */ = {
			isa = PBXGroup;
			children = (
				54AD4EE42305AF60000AE386 /* baRSS.entitlements */,
				541958872190FF1200581B79 /* Constants.h */,
				544B011B2114EE9100386E5C /* AppHook.h */,
				544B011C2114EE9100386E5C /* AppHook.m */,
				54E9CF2F225913850023696F /* Helper */,
				544936F721F1E51E00DEE9AA /* NSCategories */,
				541A90EF21257D4F002680A6 /* Status Bar Menu */,
				5469E1372EA90C3500D46CE7 /* Notifications */,
				54A07A8322105E0800082C51 /* Core Data */,
				54AD4E04230084FD000AE386 /* Feed Import */,
				54253C862C49A5A900742695 /* Regex Editor */,
				546FC44D2118B357007CC3A3 /* Preferences */,
				54ACC28A21061B3C0020715F /* Info.plist */,
				54F7101322EE0DDA006985D1 /* Artwork */,
				54ACC28B21061B3C0020715F /* main.m */,
				54AD4EE62305B17D000AE386 /* container-migration.plist */,
				54ACC28221061B3B0020715F /* DBv1.xcdatamodeld */,
			);
			path = baRSS;
			sourceTree = "<group>";
		};
		54AD4E04230084FD000AE386 /* Feed Import */ = {
			isa = PBXGroup;
			children = (
				54ACC29321061E270020715F /* UpdateScheduler.h */,
				54ACC29421061E270020715F /* UpdateScheduler.m */,
				5491005B2331435E00858AE2 /* Download3rdParty.h */,
				5491005C2331435E00858AE2 /* Download3rdParty.m */,
				5450100E230E9C8600F0B165 /* FeedDownload.h */,
				5450100F230E9C8600F0B165 /* FeedDownload.m */,
				54B6F148231551B3002C94C9 /* FaviconDownload.h */,
				54B6F149231551B3002C94C9 /* FaviconDownload.m */,
				54F6025B21C1D4170006D338 /* OpmlFile.h */,
				54F6025C21C1D4170006D338 /* OpmlFile.m */,
			);
			path = "Feed Import";
			sourceTree = "<group>";
		};
		54AD90E82E30C48400160925 /* Frameworks */ = {
			isa = PBXGroup;
			children = (
				54AD90E92E30C48400160925 /* Quartz.framework */,
			);
			name = Frameworks;
			sourceTree = "<group>";
		};
		54AD90EB2E30C48400160925 /* QLOPML */ = {
			isa = PBXGroup;
			children = (
				544F5A6F2E30EFC700674F81 /* opml-lib.h */,
				544F5A702E30EFC700674F81 /* opml-lib.m */,
				54AD90EC2E30C48400160925 /* PreviewViewController.h */,
				54AD90ED2E30C48400160925 /* PreviewViewController.m */,
				54AD90EF2E30C48400160925 /* PreviewViewController.xib */,
				54AD90F22E30C48400160925 /* Info.plist */,
				54AD90F32E30C48400160925 /* QLOPML.entitlements */,
				544F5A722E30EFC700674F81 /* style.css */,
			);
			path = QLOPML;
			sourceTree = "<group>";
		};
		54D857CF228022AB001BA1C8 /* General Tab */ = {
			isa = PBXGroup;
			children = (
				546FC44021189975007CC3A3 /* SettingsGeneral.h */,
				546FC44121189975007CC3A3 /* SettingsGeneral.m */,
				54D857D022802309001BA1C8 /* SettingsGeneralView.h */,
				54D857D122802309001BA1C8 /* SettingsGeneralView.m */,
			);
			path = "General Tab";
			sourceTree = "<group>";
		};
		54D857D3228035D4001BA1C8 /* Appearance Tab */ = {
			isa = PBXGroup;
			children = (
				541C67C12255470B004D2CE6 /* SettingsAppearance.h */,
				541C67C22255470B004D2CE6 /* SettingsAppearance.m */,
				546A6A2B22C584AF0034E806 /* SettingsAppearanceView.h */,
				546A6A2A22C584AF0034E806 /* SettingsAppearanceView.m */,
			);
			path = "Appearance Tab";
			sourceTree = "<group>";
		};
		54D857D72280C367001BA1C8 /* About Tab */ = {
			isa = PBXGroup;
			children = (
				54E9CF30225914300023696F /* SettingsAbout.h */,
				54E9CF31225914300023696F /* SettingsAbout.m */,
				546A6A2E22C585580034E806 /* SettingsAboutView.h */,
				546A6A2D22C585580034E806 /* SettingsAboutView.m */,
			);
			path = "About Tab";
			sourceTree = "<group>";
		};
		54E88323211B542E00064188 /* Feeds Tab */ = {
			isa = PBXGroup;
			children = (
				546FC43B21188AD5007CC3A3 /* SettingsFeeds.h */,
				546FC43C21188AD5007CC3A3 /* SettingsFeeds.m */,
				54D55D7122E624CD00057B98 /* SettingsFeeds+DragDrop.h */,
				54D55D7222E624CD00057B98 /* SettingsFeeds+DragDrop.m */,
				54E8831D211B509D00064188 /* ModalFeedEdit.h */,
				54E8831E211B509D00064188 /* ModalFeedEdit.m */,
				5478DF02225A7AE200D30C64 /* SettingsFeedsView.h */,
				5478DF03225A7AE200D30C64 /* SettingsFeedsView.m */,
				54B51702226DC339006C1B29 /* ModalFeedEditView.h */,
				54B51703226DC339006C1B29 /* ModalFeedEditView.m */,
				54D857CC227C5785001BA1C8 /* RefreshStatisticsView.h */,
				54D857CD227C5785001BA1C8 /* RefreshStatisticsView.m */,
			);
			path = "Feeds Tab";
			sourceTree = "<group>";
		};
		54E9CF2F225913850023696F /* Helper */ = {
			isa = PBXGroup;
			children = (
				5496B50F214D6275003ED4ED /* UserPrefs.h */,
				5496B510214D6275003ED4ED /* UserPrefs.m */,
				54209E922117325100F3B5EF /* DrawImage.h */,
				54209E932117325100F3B5EF /* DrawImage.m */,
				54910065233A4D4000858AE2 /* URLScheme.h */,
				54910066233A4D4000858AE2 /* URLScheme.m */,
				54229F532E02491A0019ACB0 /* TinySVG.h */,
				54229F542E02491A0019ACB0 /* TinySVG.m */,
				545EB5D62EE8620300FABBE0 /* StrictUIntFormatter.h */,
				545EB5D92EE8622200FABBE0 /* StrictUIntFormatter.m */,
			);
			path = Helper;
			sourceTree = "<group>";
		};
		54F7101322EE0DDA006985D1 /* Artwork */ = {
			isa = PBXGroup;
			children = (
				54BF444922D0F4F300660096 /* AppIcon.icns */,
				54E3C02022EE076D006E2E24 /* opml-icon.icns */,
			);
			path = Artwork;
			sourceTree = "<group>";
		};
/* End PBXGroup section */

/* Begin PBXNativeTarget section */
		54ACC27B21061B3B0020715F /* baRSS */ = {
			isa = PBXNativeTarget;
			buildConfigurationList = 54ACC29021061B3C0020715F /* Build configuration list for PBXNativeTarget "baRSS" */;
			buildPhases = (
				54ACC27821061B3B0020715F /* Sources */,
				54ACC27921061B3B0020715F /* Frameworks */,
				54ACC27A21061B3B0020715F /* Resources */,
				544DCCBB212A2B4D002DBC46 /* Embed Frameworks */,
				54FB05D12305BFAB00A088AD /* dynamic app name in db migration */,
				54AD90F62E30C48400160925 /* Embed Foundation Extensions */,
			);
			buildRules = (
			);
			dependencies = (
				54AD90F52E30C48400160925 /* PBXTargetDependency */,
			);
			name = baRSS;
			productName = baRRS;
			productReference = 54ACC27C21061B3B0020715F /* baRSS Beta.app */;
			productType = "com.apple.product-type.application";
		};
		54AD90E62E30C48400160925 /* QLOPML */ = {
			isa = PBXNativeTarget;
			buildConfigurationList = 54AD90F82E30C48400160925 /* Build configuration list for PBXNativeTarget "QLOPML" */;
			buildPhases = (
				54AD90E32E30C48400160925 /* Sources */,
				54AD90E42E30C48400160925 /* Frameworks */,
				54AD90E52E30C48400160925 /* Resources */,
			);
			buildRules = (
			);
			dependencies = (
			);
			name = QLOPML;
			productName = QLOPML;
			productReference = 54AD90E72E30C48400160925 /* QLOPML.appex */;
			productType = "com.apple.product-type.app-extension";
		};
/* End PBXNativeTarget section */

/* Begin PBXProject section */
		54ACC27421061B3B0020715F /* Project object */ = {
			isa = PBXProject;
			attributes = {
				BuildIndependentTargetsInParallel = YES;
				LastUpgradeCheck = 2600;
				ORGANIZATIONNAME = relikd;
				TargetAttributes = {
					54ACC27B21061B3B0020715F = {
						CreatedOnToolsVersion = 9.4.1;
						LastSwiftMigration = 0940;
						SystemCapabilities = {
							com.apple.ApplicationGroups.Mac = {
								enabled = 0;
							};
							com.apple.HardenedRuntime = {
								enabled = 1;
							};
							com.apple.Sandbox = {
								enabled = 1;
							};
						};
					};
					54AD90E62E30C48400160925 = {
						CreatedOnToolsVersion = 12.4;
					};
				};
			};
			buildConfigurationList = 54ACC27721061B3B0020715F /* Build configuration list for PBXProject "baRSS" */;
			compatibilityVersion = "Xcode 9.3";
			developmentRegion = en;
			hasScannedForEncodings = 0;
			knownRegions = (
				en,
				Base,
			);
			mainGroup = 54ACC27321061B3B0020715F;
			productRefGroup = 54ACC27D21061B3B0020715F /* Products */;
			projectDirPath = "";
			projectReferences = (
				{
					ProductGroup = 5483295F2A3CDB22000688B9 /* Products */;
					ProjectRef = 5483295E2A3CDB22000688B9 /* RSXML2.xcodeproj */;
				},
			);
			projectRoot = "";
			targets = (
				54ACC27B21061B3B0020715F /* baRSS */,
				54AD90E62E30C48400160925 /* QLOPML */,
			);
		};
/* End PBXProject section */

/* Begin PBXReferenceProxy section */
		548329652A3CDB22000688B9 /* RSXML2.framework */ = {
			isa = PBXReferenceProxy;
			fileType = wrapper.framework;
			path = RSXML2.framework;
			remoteRef = 548329642A3CDB22000688B9 /* PBXContainerItemProxy */;
			sourceTree = BUILT_PRODUCTS_DIR;
		};
		548329672A3CDB22000688B9 /* RSXML2Tests.xctest */ = {
			isa = PBXReferenceProxy;
			fileType = wrapper.cfbundle;
			path = RSXML2Tests.xctest;
			remoteRef = 548329662A3CDB22000688B9 /* PBXContainerItemProxy */;
			sourceTree = BUILT_PRODUCTS_DIR;
		};
/* End PBXReferenceProxy section */

/* Begin PBXResourcesBuildPhase section */
		54ACC27A21061B3B0020715F /* Resources */ = {
			isa = PBXResourcesBuildPhase;
			buildActionMask = 2147483647;
			files = (
				54BF444A22D0F4F300660096 /* AppIcon.icns in Resources */,
				54AD4EE72305B17D000AE386 /* container-migration.plist in Resources */,
				54E3C02122EE076D006E2E24 /* opml-icon.icns in Resources */,
			);
			runOnlyForDeploymentPostprocessing = 0;
		};
		54AD90E52E30C48400160925 /* Resources */ = {
			isa = PBXResourcesBuildPhase;
			buildActionMask = 2147483647;
			files = (
				54AD90F12E30C48400160925 /* PreviewViewController.xib in Resources */,
				544F5A752E30EFC700674F81 /* style.css in Resources */,
			);
			runOnlyForDeploymentPostprocessing = 0;
		};
/* End PBXResourcesBuildPhase section */

/* Begin PBXShellScriptBuildPhase section */
		54FB05D12305BFAB00A088AD /* dynamic app name in db migration */ = {
			isa = PBXShellScriptBuildPhase;
			alwaysOutOfDate = 1;
			buildActionMask = 2147483647;
			files = (
			);
			inputFileListPaths = (
			);
			inputPaths = (
			);
			name = "dynamic app name in db migration";
			outputFileListPaths = (
			);
			outputPaths = (
			);
			runOnlyForDeploymentPostprocessing = 0;
			shellPath = /bin/sh;
			shellScript = "# replace '$(PRODUCT_NAME)' with actual value\nfile=\"${TARGET_BUILD_DIR}/${UNLOCALIZED_RESOURCES_FOLDER_PATH}/container-migration.plist\"\nsed -i ''  \"s/\\$(PRODUCT_NAME)/${PRODUCT_NAME}/\"  \"$file\"\n";
			showEnvVarsInLog = 0;
		};
/* End PBXShellScriptBuildPhase section */

/* Begin PBXSourcesBuildPhase section */
		54ACC27821061B3B0020715F /* Sources */ = {
			isa = PBXSourcesBuildPhase;
			buildActionMask = 2147483647;
			files = (
				54253C932C49BFCD00742695 /* RegexConverterModal.m in Sources */,
				54B51704226DC339006C1B29 /* ModalFeedEditView.m in Sources */,
				54AD4E0C2301853D000AE386 /* NSString+Ext.m in Sources */,
				54D10DDB2C6E930F0008F621 /* RegexFeed.m in Sources */,
				546A6A2C22C584AF0034E806 /* SettingsAppearanceView.m in Sources */,
				54E9CF32225914300023696F /* SettingsAbout.m in Sources */,
				54B749E0220636200022CC6D /* FeedArticle+Ext.m in Sources */,
				54D55D7322E624CD00057B98 /* SettingsFeeds+DragDrop.m in Sources */,
				54F39C2E210BE1F700AEE730 /* DBv1.xcdatamodeld in Sources */,
				544B011D2114EE9100386E5C /* AppHook.m in Sources */,
				546FC44321189975007CC3A3 /* SettingsGeneral.m in Sources */,
				546A6A2922C583390034E806 /* SettingsGeneralView.m in Sources */,
				54DD9F1323D1D6B000B1EAA6 /* NSColor+Ext.m in Sources */,
				54ACC29521061E270020715F /* UpdateScheduler.m in Sources */,
				54BB048921FD2AB500C303A5 /* NSDate+Ext.m in Sources */,
				54253C7F2C47303A00742695 /* RegexConverter+Ext.m in Sources */,
				5477D34E21233C62002BA27F /* FeedGroup+Ext.m in Sources */,
				54B6F14A231551B3002C94C9 /* FaviconDownload.m in Sources */,
				54E4446C2329AE0600BBF481 /* NSError+Ext.m in Sources */,
				5478DF04225A7AE200D30C64 /* SettingsFeedsView.m in Sources */,
				540F704521B6C16C0022E69D /* FeedMeta+Ext.m in Sources */,
				54ACC28C21061B3C0020715F /* main.m in Sources */,
				54B6F14E23155E1A002C94C9 /* NSURLRequest+Ext.m in Sources */,
				54FE73D3212316CD003EAC65 /* BarMenu.m in Sources */,
				544B011A2114B41200386E5C /* ModalSheet.m in Sources */,
				54A07A82220E723D00082C51 /* MapUnreadTotal.m in Sources */,
				54ACC29821061FBA0020715F /* Preferences.m in Sources */,
				54195886218E1BDB00581B79 /* NSMenu+Ext.m in Sources */,
				54910067233A4D4000858AE2 /* URLScheme.m in Sources */,
				54F6025D21C1D4170006D338 /* OpmlFile.m in Sources */,
				54229F552E02491A0019ACB0 /* TinySVG.m in Sources */,
				5496B511214D6275003ED4ED /* UserPrefs.m in Sources */,
				546A6A2F22C585580034E806 /* SettingsAboutView.m in Sources */,
				54B517072270E990006C1B29 /* NSView+Ext.m in Sources */,
				54D857CE227C5785001BA1C8 /* RefreshStatisticsView.m in Sources */,
				5491005D2331435E00858AE2 /* Download3rdParty.m in Sources */,
				541C67C32255470B004D2CE6 /* SettingsAppearance.m in Sources */,
				54B749DA2204A85C0022CC6D /* BarStatusItem.m in Sources */,
				546FC43D21188AD5007CC3A3 /* SettingsFeeds.m in Sources */,
				54253C952C49BFE400742695 /* RegexConverterView.m in Sources */,
				548C6D0A230C33DE003A1AAF /* NSURL+Ext.m in Sources */,
				545EB5DA2EE8622200FABBE0 /* StrictUIntFormatter.m in Sources */,
				54E88320211B509D00064188 /* ModalFeedEdit.m in Sources */,
				54195883218A061100581B79 /* Feed+Ext.m in Sources */,
				5469E13C2EA90C6C00D46CE7 /* NotifyEndpoint.m in Sources */,
				54501010230E9C8600F0B165 /* FeedDownload.m in Sources */,
				54209E942117325100F3B5EF /* DrawImage.m in Sources */,
				54253C942C49BFDC00742695 /* RegexConverterController.m in Sources */,
				54FE73D021220DEC003EAC65 /* StoreCoordinator.m in Sources */,
				54A07A7F220E04CF00082C51 /* NSFetchRequest+Ext.m in Sources */,
			);
			runOnlyForDeploymentPostprocessing = 0;
		};
		54AD90E32E30C48400160925 /* Sources */ = {
			isa = PBXSourcesBuildPhase;
			buildActionMask = 2147483647;
			files = (
				544F5A762E30EFC700674F81 /* opml-lib.m in Sources */,
				54AD90EE2E30C48400160925 /* PreviewViewController.m in Sources */,
			);
			runOnlyForDeploymentPostprocessing = 0;
		};
/* End PBXSourcesBuildPhase section */

/* Begin PBXTargetDependency section */
		54AD90F52E30C48400160925 /* PBXTargetDependency */ = {
			isa = PBXTargetDependency;
			target = 54AD90E62E30C48400160925 /* QLOPML */;
			targetProxy = 54AD90F42E30C48400160925 /* PBXContainerItemProxy */;
		};
/* End PBXTargetDependency section */

/* Begin PBXVariantGroup section */
		54AD90EF2E30C48400160925 /* PreviewViewController.xib */ = {
			isa = PBXVariantGroup;
			children = (
				54AD90F02E30C48400160925 /* Base */,
			);
			name = PreviewViewController.xib;
			sourceTree = "<group>";
		};
/* End PBXVariantGroup section */

/* Begin XCBuildConfiguration section */
		54ACC28E21061B3C0020715F /* Debug */ = {
			isa = XCBuildConfiguration;
			baseConfigurationReference = 546BD1892EDE156000943942 /* Config-debug.xcconfig */;
			buildSettings = {
				ALWAYS_SEARCH_USER_PATHS = NO;
				CLANG_ANALYZER_LOCALIZABILITY_NONLOCALIZED = YES;
				CLANG_ANALYZER_NONNULL = YES;
				CLANG_ANALYZER_NUMBER_OBJECT_CONVERSION = YES_AGGRESSIVE;
				CLANG_CXX_LANGUAGE_STANDARD = "gnu++14";
				CLANG_CXX_LIBRARY = "libc++";
				CLANG_ENABLE_MODULES = YES;
				CLANG_ENABLE_OBJC_ARC = YES;
				CLANG_ENABLE_OBJC_WEAK = YES;
				CLANG_WARN_BLOCK_CAPTURE_AUTORELEASING = YES;
				CLANG_WARN_BOOL_CONVERSION = YES;
				CLANG_WARN_COMMA = YES;
				CLANG_WARN_CONSTANT_CONVERSION = YES;
				CLANG_WARN_DEPRECATED_OBJC_IMPLEMENTATIONS = YES;
				CLANG_WARN_DIRECT_OBJC_ISA_USAGE = YES_ERROR;
				CLANG_WARN_DOCUMENTATION_COMMENTS = YES;
				CLANG_WARN_EMPTY_BODY = YES;
				CLANG_WARN_ENUM_CONVERSION = YES;
				CLANG_WARN_INFINITE_RECURSION = YES;
				CLANG_WARN_INT_CONVERSION = YES;
				CLANG_WARN_NON_LITERAL_NULL_CONVERSION = YES;
				CLANG_WARN_OBJC_IMPLICIT_RETAIN_SELF = YES;
				CLANG_WARN_OBJC_LITERAL_CONVERSION = YES;
				CLANG_WARN_OBJC_ROOT_CLASS = YES_ERROR;
				CLANG_WARN_QUOTED_INCLUDE_IN_FRAMEWORK_HEADER = YES;
				CLANG_WARN_RANGE_LOOP_ANALYSIS = YES;
				CLANG_WARN_STRICT_PROTOTYPES = YES;
				CLANG_WARN_SUSPICIOUS_MOVE = YES;
				CLANG_WARN_UNGUARDED_AVAILABILITY = YES_AGGRESSIVE;
				CLANG_WARN_UNREACHABLE_CODE = YES;
				CLANG_WARN__DUPLICATE_METHOD_MATCH = YES;
				COPY_PHASE_STRIP = NO;
				DEAD_CODE_STRIPPING = YES;
				DEBUG_INFORMATION_FORMAT = dwarf;
				DEVELOPMENT_TEAM = UY657LKNHJ;
				ENABLE_STRICT_OBJC_MSGSEND = YES;
				ENABLE_TESTABILITY = YES;
				GCC_C_LANGUAGE_STANDARD = gnu11;
				GCC_DYNAMIC_NO_PIC = NO;
				GCC_NO_COMMON_BLOCKS = YES;
				GCC_OPTIMIZATION_LEVEL = 0;
				GCC_PREPROCESSOR_DEFINITIONS = "DEBUG=1";
				GCC_WARN_64_TO_32_BIT_CONVERSION = YES;
				GCC_WARN_ABOUT_RETURN_TYPE = YES_ERROR;
				GCC_WARN_UNDECLARED_SELECTOR = YES;
				GCC_WARN_UNINITIALIZED_AUTOS = YES_AGGRESSIVE;
				GCC_WARN_UNUSED_FUNCTION = YES;
				GCC_WARN_UNUSED_VARIABLE = YES;
				MTL_ENABLE_DEBUG_INFO = YES;
				ONLY_ACTIVE_ARCH = YES;
				SDKROOT = macosx;
			};
			name = Debug;
		};
		54ACC28F21061B3C0020715F /* Release */ = {
			isa = XCBuildConfiguration;
			baseConfigurationReference = 546BD1882EDE156000943942 /* Config.xcconfig */;
			buildSettings = {
				ALWAYS_SEARCH_USER_PATHS = NO;
				CLANG_ANALYZER_LOCALIZABILITY_NONLOCALIZED = YES;
				CLANG_ANALYZER_NONNULL = YES;
				CLANG_ANALYZER_NUMBER_OBJECT_CONVERSION = YES_AGGRESSIVE;
				CLANG_CXX_LANGUAGE_STANDARD = "gnu++14";
				CLANG_CXX_LIBRARY = "libc++";
				CLANG_ENABLE_MODULES = YES;
				CLANG_ENABLE_OBJC_ARC = YES;
				CLANG_ENABLE_OBJC_WEAK = YES;
				CLANG_WARN_BLOCK_CAPTURE_AUTORELEASING = YES;
				CLANG_WARN_BOOL_CONVERSION = YES;
				CLANG_WARN_COMMA = YES;
				CLANG_WARN_CONSTANT_CONVERSION = YES;
				CLANG_WARN_DEPRECATED_OBJC_IMPLEMENTATIONS = YES;
				CLANG_WARN_DIRECT_OBJC_ISA_USAGE = YES_ERROR;
				CLANG_WARN_DOCUMENTATION_COMMENTS = YES;
				CLANG_WARN_EMPTY_BODY = YES;
				CLANG_WARN_ENUM_CONVERSION = YES;
				CLANG_WARN_INFINITE_RECURSION = YES;
				CLANG_WARN_INT_CONVERSION = YES;
				CLANG_WARN_NON_LITERAL_NULL_CONVERSION = YES;
				CLANG_WARN_OBJC_IMPLICIT_RETAIN_SELF = YES;
				CLANG_WARN_OBJC_LITERAL_CONVERSION = YES;
				CLANG_WARN_OBJC_ROOT_CLASS = YES_ERROR;
				CLANG_WARN_QUOTED_INCLUDE_IN_FRAMEWORK_HEADER = YES;
				CLANG_WARN_RANGE_LOOP_ANALYSIS = YES;
				CLANG_WARN_STRICT_PROTOTYPES = YES;
				CLANG_WARN_SUSPICIOUS_MOVE = YES;
				CLANG_WARN_UNGUARDED_AVAILABILITY = YES_AGGRESSIVE;
				CLANG_WARN_UNREACHABLE_CODE = YES;
				CLANG_WARN__DUPLICATE_METHOD_MATCH = YES;
				CODE_SIGN_INJECT_BASE_ENTITLEMENTS = NO;
				COPY_PHASE_STRIP = NO;
				DEAD_CODE_STRIPPING = YES;
				DEBUG_INFORMATION_FORMAT = "dwarf-with-dsym";
				DEVELOPMENT_TEAM = UY657LKNHJ;
				ENABLE_NS_ASSERTIONS = NO;
				ENABLE_STRICT_OBJC_MSGSEND = YES;
				GCC_C_LANGUAGE_STANDARD = gnu11;
				GCC_NO_COMMON_BLOCKS = YES;
				GCC_WARN_64_TO_32_BIT_CONVERSION = YES;
				GCC_WARN_ABOUT_RETURN_TYPE = YES_ERROR;
				GCC_WARN_UNDECLARED_SELECTOR = YES;
				GCC_WARN_UNINITIALIZED_AUTOS = YES_AGGRESSIVE;
				GCC_WARN_UNUSED_FUNCTION = YES;
				GCC_WARN_UNUSED_VARIABLE = YES;
				MTL_ENABLE_DEBUG_INFO = NO;
				SDKROOT = macosx;
			};
			name = Release;
		};
		54ACC29121061B3C0020715F /* Debug */ = {
			isa = XCBuildConfiguration;
			buildSettings = {
				CLANG_ANALYZER_SECURITY_FLOATLOOPCOUNTER = YES;
				CLANG_ANALYZER_SECURITY_INSECUREAPI_RAND = YES;
				CLANG_ANALYZER_SECURITY_INSECUREAPI_STRCPY = YES;
				CLANG_ENABLE_MODULES = YES;
				CLANG_UNDEFINED_BEHAVIOR_SANITIZER_INTEGER = YES;
				CLANG_UNDEFINED_BEHAVIOR_SANITIZER_NULLABILITY = YES;
				CLANG_WARN_ASSIGN_ENUM = YES;
				CLANG_WARN_CXX0X_EXTENSIONS = YES;
				CLANG_WARN_IMPLICIT_SIGN_CONVERSION = YES;
				CLANG_WARN_OBJC_EXPLICIT_OWNERSHIP_TYPE = YES;
				CLANG_WARN_OBJC_REPEATED_USE_OF_WEAK = YES;
				CLANG_WARN_SUSPICIOUS_IMPLICIT_CONVERSION = YES;
				CODE_SIGN_ENTITLEMENTS = baRSS/baRSS.entitlements;
				COMBINE_HIDPI_IMAGES = YES;
				ENABLE_HARDENED_RUNTIME = YES;
				ENABLE_USER_SCRIPT_SANDBOXING = NO;
				FRAMEWORK_SEARCH_PATHS = (
					"$(inherited)",
					"$(PROJECT_DIR)",
				);
				GCC_PREPROCESSOR_DEFINITIONS = (
					"APP_NAME=\"\\@\\\"$(PRODUCT_NAME)\\\"\"",
					"$(inherited)",
				);
				GCC_WARN_ABOUT_MISSING_FIELD_INITIALIZERS = YES;
				GCC_WARN_ABOUT_MISSING_NEWLINE = YES;
				GCC_WARN_ABOUT_MISSING_PROTOTYPES = YES;
				GCC_WARN_HIDDEN_VIRTUAL_FUNCTIONS = YES;
				GCC_WARN_INITIALIZER_NOT_FULLY_BRACKETED = YES;
				GCC_WARN_PEDANTIC = YES;
				GCC_WARN_SHADOW = YES;
				GCC_WARN_SIGN_COMPARE = YES;
				GCC_WARN_STRICT_SELECTOR_MATCH = YES;
				GCC_WARN_UNKNOWN_PRAGMAS = YES;
				GCC_WARN_UNUSED_LABEL = YES;
				INFOPLIST_FILE = baRSS/Info.plist;
				LD_RUNPATH_SEARCH_PATHS = (
					"$(inherited)",
					"@executable_path/../Frameworks",
					"$(FRAMEWORK_SEARCH_PATHS)",
				);
				PRODUCT_NAME = "$(inherited) Beta";
				SWIFT_OPTIMIZATION_LEVEL = "-Onone";
			};
			name = Debug;
		};
		54ACC29221061B3C0020715F /* Release */ = {
			isa = XCBuildConfiguration;
			buildSettings = {
				CLANG_ANALYZER_SECURITY_FLOATLOOPCOUNTER = YES;
				CLANG_ANALYZER_SECURITY_INSECUREAPI_RAND = YES;
				CLANG_ANALYZER_SECURITY_INSECUREAPI_STRCPY = YES;
				CLANG_ENABLE_MODULES = YES;
				CLANG_UNDEFINED_BEHAVIOR_SANITIZER_INTEGER = YES;
				CLANG_UNDEFINED_BEHAVIOR_SANITIZER_NULLABILITY = YES;
				CLANG_WARN_ASSIGN_ENUM = YES;
				CLANG_WARN_CXX0X_EXTENSIONS = YES;
				CLANG_WARN_IMPLICIT_SIGN_CONVERSION = YES;
				CLANG_WARN_OBJC_EXPLICIT_OWNERSHIP_TYPE = YES;
				CLANG_WARN_OBJC_REPEATED_USE_OF_WEAK = YES;
				CLANG_WARN_SUSPICIOUS_IMPLICIT_CONVERSION = YES;
				CODE_SIGN_ENTITLEMENTS = baRSS/baRSS.entitlements;
				COMBINE_HIDPI_IMAGES = YES;
				ENABLE_HARDENED_RUNTIME = YES;
				ENABLE_USER_SCRIPT_SANDBOXING = NO;
				FRAMEWORK_SEARCH_PATHS = (
					"$(inherited)",
					"$(PROJECT_DIR)",
				);
				GCC_PREPROCESSOR_DEFINITIONS = (
					"APP_NAME=\"\\@\\\"$(PRODUCT_NAME)\\\"\"",
					"$(inherited)",
				);
				GCC_WARN_ABOUT_MISSING_FIELD_INITIALIZERS = YES;
				GCC_WARN_ABOUT_MISSING_NEWLINE = YES;
				GCC_WARN_ABOUT_MISSING_PROTOTYPES = YES;
				GCC_WARN_HIDDEN_VIRTUAL_FUNCTIONS = YES;
				GCC_WARN_INITIALIZER_NOT_FULLY_BRACKETED = YES;
				GCC_WARN_PEDANTIC = YES;
				GCC_WARN_SHADOW = YES;
				GCC_WARN_SIGN_COMPARE = YES;
				GCC_WARN_STRICT_SELECTOR_MATCH = YES;
				GCC_WARN_UNKNOWN_PRAGMAS = YES;
				GCC_WARN_UNUSED_LABEL = YES;
				INFOPLIST_FILE = baRSS/Info.plist;
				LD_RUNPATH_SEARCH_PATHS = (
					"$(inherited)",
					"@executable_path/../Frameworks",
					"$(FRAMEWORK_SEARCH_PATHS)",
				);
			};
			name = Release;
		};
		54AD90F92E30C48400160925 /* Debug */ = {
			isa = XCBuildConfiguration;
			buildSettings = {
				CODE_SIGN_ENTITLEMENTS = QLOPML/QLOPML.entitlements;
				ENABLE_HARDENED_RUNTIME = YES;
				GCC_PREPROCESSOR_DEFINITIONS = (
					"DEBUG=1",
					"$(inherited)",
				);
				INFOPLIST_FILE = QLOPML/Info.plist;
				LD_RUNPATH_SEARCH_PATHS = (
					"$(inherited)",
					"@executable_path/../Frameworks",
					"@executable_path/../../../../Frameworks",
				);
				MTL_ENABLE_DEBUG_INFO = INCLUDE_SOURCE;
				MTL_FAST_MATH = YES;
				PRODUCT_BUNDLE_IDENTIFIER = "$(inherited).QLOPML";
				PRODUCT_NAME = "$(TARGET_NAME)";
				SKIP_INSTALL = YES;
			};
			name = Debug;
		};
		54AD90FA2E30C48400160925 /* Release */ = {
			isa = XCBuildConfiguration;
			buildSettings = {
				CODE_SIGN_ENTITLEMENTS = QLOPML/QLOPML.entitlements;
				ENABLE_HARDENED_RUNTIME = YES;
				INFOPLIST_FILE = QLOPML/Info.plist;
				LD_RUNPATH_SEARCH_PATHS = (
					"$(inherited)",
					"@executable_path/../Frameworks",
					"@executable_path/../../../../Frameworks",
				);
				MTL_FAST_MATH = YES;
				PRODUCT_BUNDLE_IDENTIFIER = "$(inherited).QLOPML";
				PRODUCT_NAME = "$(TARGET_NAME)";
				SKIP_INSTALL = YES;
			};
			name = Release;
		};
/* End XCBuildConfiguration section */

/* Begin XCConfigurationList section */
		54ACC27721061B3B0020715F /* Build configuration list for PBXProject "baRSS" */ = {
			isa = XCConfigurationList;
			buildConfigurations = (
				54ACC28E21061B3C0020715F /* Debug */,
				54ACC28F21061B3C0020715F /* Release */,
			);
			defaultConfigurationIsVisible = 0;
			defaultConfigurationName = Release;
		};
		54ACC29021061B3C0020715F /* Build configuration list for PBXNativeTarget "baRSS" */ = {
			isa = XCConfigurationList;
			buildConfigurations = (
				54ACC29121061B3C0020715F /* Debug */,
				54ACC29221061B3C0020715F /* Release */,
			);
			defaultConfigurationIsVisible = 0;
			defaultConfigurationName = Release;
		};
		54AD90F82E30C48400160925 /* Build configuration list for PBXNativeTarget "QLOPML" */ = {
			isa = XCConfigurationList;
			buildConfigurations = (
				54AD90F92E30C48400160925 /* Debug */,
				54AD90FA2E30C48400160925 /* Release */,
			);
			defaultConfigurationIsVisible = 0;
			defaultConfigurationName = Release;
		};
/* End XCConfigurationList section */

/* Begin XCVersionGroup section */
		54ACC28221061B3B0020715F /* DBv1.xcdatamodeld */ = {
			isa = XCVersionGroup;
			children = (
				54ACC28321061B3B0020715F /* DBv1.xcdatamodel */,
			);
			currentVersion = 54ACC28321061B3B0020715F /* DBv1.xcdatamodel */;
			path = DBv1.xcdatamodeld;
			sourceTree = "<group>";
			versionGroupType = wrapper.xcdatamodel;
		};
/* End XCVersionGroup section */
	};
	rootObject = 54ACC27421061B3B0020715F /* Project object */;
}
