// !$*UTF8*$!
{
	archiveVersion = 1;
	classes = {
	};
	objectVersion = 50;
	objects = {

/* Begin PBXBuildFile section */
		1968E0AE14B8E8A90E194980 /* PyHandler.m in Sources */ = {isa = PBXBuildFile; fileRef = 1968EF7567E06D2A5BB3481A /* PyHandler.m */; };
		54209E942117325100F3B5EF /* DrawImage.m in Sources */ = {isa = PBXBuildFile; fileRef = 54209E932117325100F3B5EF /* DrawImage.m */; };
		544B011A2114B41200386E5C /* ModalSheet.m in Sources */ = {isa = PBXBuildFile; fileRef = 544B01192114B41200386E5C /* ModalSheet.m */; };
		544B011D2114EE9100386E5C /* AppHook.m in Sources */ = {isa = PBXBuildFile; fileRef = 544B011C2114EE9100386E5C /* AppHook.m */; };
		544FBD4521064AEB008A260C /* Python.framework in Frameworks */ = {isa = PBXBuildFile; fileRef = 544FBD4421064AEB008A260C /* Python.framework */; };
		544FBD4721064B2F008A260C /* getFeed.py in Resources */ = {isa = PBXBuildFile; fileRef = 544FBD4621064B2F008A260C /* getFeed.py */; };
		544FBD4921064DF0008A260C /* feedparser521.py in Resources */ = {isa = PBXBuildFile; fileRef = 544FBD4821064DF0008A260C /* feedparser521.py */; };
		54ACC28121061B3B0020715F /* AppDelegate.m in Sources */ = {isa = PBXBuildFile; fileRef = 54ACC28021061B3B0020715F /* AppDelegate.m */; };
		54ACC28621061B3C0020715F /* Assets.xcassets in Resources */ = {isa = PBXBuildFile; fileRef = 54ACC28521061B3C0020715F /* Assets.xcassets */; };
		54ACC28921061B3C0020715F /* Main.xib in Resources */ = {isa = PBXBuildFile; fileRef = 54ACC28721061B3C0020715F /* Main.xib */; };
		54ACC28C21061B3C0020715F /* main.m in Sources */ = {isa = PBXBuildFile; fileRef = 54ACC28B21061B3C0020715F /* main.m */; };
		54ACC29521061E270020715F /* NewsController.m in Sources */ = {isa = PBXBuildFile; fileRef = 54ACC29421061E270020715F /* NewsController.m */; };
		54ACC29821061FBA0020715F /* Preferences.m in Sources */ = {isa = PBXBuildFile; fileRef = 54ACC29721061FBA0020715F /* Preferences.m */; };
		54F39C2E210BE1F700AEE730 /* DBv1.xcdatamodeld in Sources */ = {isa = PBXBuildFile; fileRef = 54ACC28221061B3B0020715F /* DBv1.xcdatamodeld */; };
/* End PBXBuildFile section */

/* Begin PBXFileReference section */
		1968E7919BAA36F042FCB717 /* PyHandler.h */ = {isa = PBXFileReference; fileEncoding = 4; lastKnownFileType = sourcecode.c.h; path = PyHandler.h; sourceTree = "<group>"; };
		1968EF7567E06D2A5BB3481A /* PyHandler.m */ = {isa = PBXFileReference; fileEncoding = 4; lastKnownFileType = sourcecode.c.objc; path = PyHandler.m; sourceTree = "<group>"; };
		54209E922117325100F3B5EF /* DrawImage.h */ = {isa = PBXFileReference; lastKnownFileType = sourcecode.c.h; path = DrawImage.h; sourceTree = "<group>"; };
		54209E932117325100F3B5EF /* DrawImage.m */ = {isa = PBXFileReference; lastKnownFileType = sourcecode.c.objc; path = DrawImage.m; sourceTree = "<group>"; };
		544B01182114B41200386E5C /* ModalSheet.h */ = {isa = PBXFileReference; lastKnownFileType = sourcecode.c.h; path = ModalSheet.h; sourceTree = "<group>"; };
		544B01192114B41200386E5C /* ModalSheet.m */ = {isa = PBXFileReference; lastKnownFileType = sourcecode.c.objc; path = ModalSheet.m; sourceTree = "<group>"; };
		544B011B2114EE9100386E5C /* AppHook.h */ = {isa = PBXFileReference; lastKnownFileType = sourcecode.c.h; path = AppHook.h; sourceTree = "<group>"; };
		544B011C2114EE9100386E5C /* AppHook.m */ = {isa = PBXFileReference; lastKnownFileType = sourcecode.c.objc; path = AppHook.m; sourceTree = "<group>"; };
		544FBD4421064AEB008A260C /* Python.framework */ = {isa = PBXFileReference; lastKnownFileType = wrapper.framework; name = Python.framework; path = System/Library/Frameworks/Python.framework; sourceTree = SDKROOT; };
		544FBD4621064B2F008A260C /* getFeed.py */ = {isa = PBXFileReference; fileEncoding = 4; lastKnownFileType = text.script.python; path = getFeed.py; sourceTree = "<group>"; usesTabs = 0; };
		544FBD4821064DF0008A260C /* feedparser521.py */ = {isa = PBXFileReference; fileEncoding = 4; lastKnownFileType = text.script.python; path = feedparser521.py; sourceTree = "<group>"; usesTabs = 0; };
		54ACC27C21061B3B0020715F /* baRSS.app */ = {isa = PBXFileReference; explicitFileType = wrapper.application; includeInIndex = 0; path = baRSS.app; sourceTree = BUILT_PRODUCTS_DIR; };
		54ACC27F21061B3B0020715F /* AppDelegate.h */ = {isa = PBXFileReference; lastKnownFileType = sourcecode.c.h; path = AppDelegate.h; sourceTree = "<group>"; };
		54ACC28021061B3B0020715F /* AppDelegate.m */ = {isa = PBXFileReference; lastKnownFileType = sourcecode.c.objc; path = AppDelegate.m; sourceTree = "<group>"; };
		54ACC28321061B3B0020715F /* DBv1.xcdatamodel */ = {isa = PBXFileReference; lastKnownFileType = wrapper.xcdatamodel; path = DBv1.xcdatamodel; sourceTree = "<group>"; };
		54ACC28521061B3C0020715F /* Assets.xcassets */ = {isa = PBXFileReference; lastKnownFileType = folder.assetcatalog; path = Assets.xcassets; sourceTree = "<group>"; };
		54ACC28821061B3C0020715F /* Base */ = {isa = PBXFileReference; lastKnownFileType = file.xib; name = Base; path = Base.lproj/Main.xib; sourceTree = "<group>"; };
		54ACC28A21061B3C0020715F /* Info.plist */ = {isa = PBXFileReference; lastKnownFileType = text.plist.xml; path = Info.plist; sourceTree = "<group>"; };
		54ACC28B21061B3C0020715F /* main.m */ = {isa = PBXFileReference; lastKnownFileType = sourcecode.c.objc; path = main.m; sourceTree = "<group>"; };
		54ACC29321061E270020715F /* NewsController.h */ = {isa = PBXFileReference; lastKnownFileType = sourcecode.c.h; path = NewsController.h; sourceTree = "<group>"; };
		54ACC29421061E270020715F /* NewsController.m */ = {isa = PBXFileReference; lastKnownFileType = sourcecode.c.objc; path = NewsController.m; sourceTree = "<group>"; };
		54ACC29621061FBA0020715F /* Preferences.h */ = {isa = PBXFileReference; lastKnownFileType = sourcecode.c.h; path = Preferences.h; sourceTree = "<group>"; };
		54ACC29721061FBA0020715F /* Preferences.m */ = {isa = PBXFileReference; lastKnownFileType = sourcecode.c.objc; path = Preferences.m; sourceTree = "<group>"; };
/* End PBXFileReference section */

/* Begin PBXFrameworksBuildPhase section */
		54ACC27921061B3B0020715F /* Frameworks */ = {
			isa = PBXFrameworksBuildPhase;
			buildActionMask = 2147483647;
			files = (
				544FBD4521064AEB008A260C /* Python.framework in Frameworks */,
			);
			runOnlyForDeploymentPostprocessing = 0;
		};
/* End PBXFrameworksBuildPhase section */

/* Begin PBXGroup section */
		544FBD4321064AEB008A260C /* Frameworks */ = {
			isa = PBXGroup;
			children = (
				544FBD4421064AEB008A260C /* Python.framework */,
			);
			name = Frameworks;
			sourceTree = "<group>";
		};
		549369F421091E6D001AF895 /* python */ = {
			isa = PBXGroup;
			children = (
				1968E7919BAA36F042FCB717 /* PyHandler.h */,
				1968EF7567E06D2A5BB3481A /* PyHandler.m */,
				544FBD4621064B2F008A260C /* getFeed.py */,
				544FBD4821064DF0008A260C /* feedparser521.py */,
			);
			path = python;
			sourceTree = "<group>";
		};
		54ACC27321061B3B0020715F = {
			isa = PBXGroup;
			children = (
				54ACC27E21061B3B0020715F /* baRSS */,
				54ACC27D21061B3B0020715F /* Products */,
				544FBD4321064AEB008A260C /* Frameworks */,
			);
			sourceTree = "<group>";
		};
		54ACC27D21061B3B0020715F /* Products */ = {
			isa = PBXGroup;
			children = (
				54ACC27C21061B3B0020715F /* baRSS.app */,
			);
			name = Products;
			sourceTree = "<group>";
		};
		54ACC27E21061B3B0020715F /* baRSS */ = {
			isa = PBXGroup;
			children = (
				549369F421091E6D001AF895 /* python */,
				544B011B2114EE9100386E5C /* AppHook.h */,
				544B011C2114EE9100386E5C /* AppHook.m */,
				54ACC27F21061B3B0020715F /* AppDelegate.h */,
				54ACC28021061B3B0020715F /* AppDelegate.m */,
				54ACC29321061E270020715F /* NewsController.h */,
				54ACC29421061E270020715F /* NewsController.m */,
				54ACC29621061FBA0020715F /* Preferences.h */,
				54ACC29721061FBA0020715F /* Preferences.m */,
				544B01182114B41200386E5C /* ModalSheet.h */,
				544B01192114B41200386E5C /* ModalSheet.m */,
				54209E922117325100F3B5EF /* DrawImage.h */,
				54209E932117325100F3B5EF /* DrawImage.m */,
				54ACC28521061B3C0020715F /* Assets.xcassets */,
				54ACC28721061B3C0020715F /* Main.xib */,
				54ACC28A21061B3C0020715F /* Info.plist */,
				54ACC28B21061B3C0020715F /* main.m */,
				54ACC28221061B3B0020715F /* DBv1.xcdatamodeld */,
			);
			path = baRSS;
			sourceTree = "<group>";
		};
/* End PBXGroup section */

/* Begin PBXNativeTarget section */
		54ACC27B21061B3B0020715F /* baRSS */ = {
			isa = PBXNativeTarget;
			buildConfigurationList = 54ACC29021061B3C0020715F /* Build configuration list for PBXNativeTarget "baRSS" */;
			buildPhases = (
				54ACC27821061B3B0020715F /* Sources */,
				54ACC27921061B3B0020715F /* Frameworks */,
				54ACC27A21061B3B0020715F /* Resources */,
			);
			buildRules = (
			);
			dependencies = (
			);
			name = baRSS;
			productName = baRRS;
			productReference = 54ACC27C21061B3B0020715F /* baRSS.app */;
			productType = "com.apple.product-type.application";
		};
/* End PBXNativeTarget section */

/* Begin PBXProject section */
		54ACC27421061B3B0020715F /* Project object */ = {
			isa = PBXProject;
			attributes = {
				LastUpgradeCheck = 0940;
				ORGANIZATIONNAME = relikd;
				TargetAttributes = {
					54ACC27B21061B3B0020715F = {
						CreatedOnToolsVersion = 9.4.1;
						LastSwiftMigration = 0940;
						SystemCapabilities = {
							com.apple.ApplicationGroups.Mac = {
								enabled = 0;
							};
							com.apple.Sandbox = {
								enabled = 0;
							};
						};
					};
				};
			};
			buildConfigurationList = 54ACC27721061B3B0020715F /* Build configuration list for PBXProject "baRSS" */;
			compatibilityVersion = "Xcode 9.3";
			developmentRegion = en;
			hasScannedForEncodings = 0;
			knownRegions = (
				en,
				Base,
			);
			mainGroup = 54ACC27321061B3B0020715F;
			productRefGroup = 54ACC27D21061B3B0020715F /* Products */;
			projectDirPath = "";
			projectRoot = "";
			targets = (
				54ACC27B21061B3B0020715F /* baRSS */,
			);
		};
/* End PBXProject section */

/* Begin PBXResourcesBuildPhase section */
		54ACC27A21061B3B0020715F /* Resources */ = {
			isa = PBXResourcesBuildPhase;
			buildActionMask = 2147483647;
			files = (
				54ACC28621061B3C0020715F /* Assets.xcassets in Resources */,
				544FBD4921064DF0008A260C /* feedparser521.py in Resources */,
				544FBD4721064B2F008A260C /* getFeed.py in Resources */,
				54ACC28921061B3C0020715F /* Main.xib in Resources */,
			);
			runOnlyForDeploymentPostprocessing = 0;
		};
/* End PBXResourcesBuildPhase section */

/* Begin PBXSourcesBuildPhase section */
		54ACC27821061B3B0020715F /* Sources */ = {
			isa = PBXSourcesBuildPhase;
			buildActionMask = 2147483647;
			files = (
				54F39C2E210BE1F700AEE730 /* DBv1.xcdatamodeld in Sources */,
				544B011D2114EE9100386E5C /* AppHook.m in Sources */,
				54ACC29521061E270020715F /* NewsController.m in Sources */,
				54ACC28C21061B3C0020715F /* main.m in Sources */,
				54ACC28121061B3B0020715F /* AppDelegate.m in Sources */,
				544B011A2114B41200386E5C /* ModalSheet.m in Sources */,
				54ACC29821061FBA0020715F /* Preferences.m in Sources */,
				1968E0AE14B8E8A90E194980 /* PyHandler.m in Sources */,
				54209E942117325100F3B5EF /* DrawImage.m in Sources */,
			);
			runOnlyForDeploymentPostprocessing = 0;
		};
/* End PBXSourcesBuildPhase section */

/* Begin PBXVariantGroup section */
		54ACC28721061B3C0020715F /* Main.xib */ = {
			isa = PBXVariantGroup;
			children = (
				54ACC28821061B3C0020715F /* Base */,
			);
			name = Main.xib;
			sourceTree = "<group>";
		};
/* End PBXVariantGroup section */

/* Begin XCBuildConfiguration section */
		54ACC28E21061B3C0020715F /* Debug */ = {
			isa = XCBuildConfiguration;
			buildSettings = {
				ALWAYS_SEARCH_USER_PATHS = NO;
				CLANG_ANALYZER_NONNULL = YES;
				CLANG_ANALYZER_NUMBER_OBJECT_CONVERSION = YES_AGGRESSIVE;
				CLANG_CXX_LANGUAGE_STANDARD = "gnu++14";
				CLANG_CXX_LIBRARY = "libc++";
				CLANG_ENABLE_MODULES = YES;
				CLANG_ENABLE_OBJC_ARC = YES;
				CLANG_ENABLE_OBJC_WEAK = YES;
				CLANG_WARN_BLOCK_CAPTURE_AUTORELEASING = YES;
				CLANG_WARN_BOOL_CONVERSION = YES;
				CLANG_WARN_COMMA = YES;
				CLANG_WARN_CONSTANT_CONVERSION = YES;
				CLANG_WARN_DEPRECATED_OBJC_IMPLEMENTATIONS = YES;
				CLANG_WARN_DIRECT_OBJC_ISA_USAGE = YES_ERROR;
				CLANG_WARN_DOCUMENTATION_COMMENTS = YES;
				CLANG_WARN_EMPTY_BODY = YES;
				CLANG_WARN_ENUM_CONVERSION = YES;
				CLANG_WARN_INFINITE_RECURSION = YES;
				CLANG_WARN_INT_CONVERSION = YES;
				CLANG_WARN_NON_LITERAL_NULL_CONVERSION = YES;
				CLANG_WARN_OBJC_IMPLICIT_RETAIN_SELF = YES;
				CLANG_WARN_OBJC_LITERAL_CONVERSION = YES;
				CLANG_WARN_OBJC_ROOT_CLASS = YES_ERROR;
				CLANG_WARN_RANGE_LOOP_ANALYSIS = YES;
				CLANG_WARN_STRICT_PROTOTYPES = YES;
				CLANG_WARN_SUSPICIOUS_MOVE = YES;
				CLANG_WARN_UNGUARDED_AVAILABILITY = YES_AGGRESSIVE;
				CLANG_WARN_UNREACHABLE_CODE = YES;
				CLANG_WARN__DUPLICATE_METHOD_MATCH = YES;
				CODE_SIGN_IDENTITY = "Mac Developer";
				COPY_PHASE_STRIP = NO;
				DEBUG_INFORMATION_FORMAT = dwarf;
				ENABLE_STRICT_OBJC_MSGSEND = YES;
				ENABLE_TESTABILITY = YES;
				GCC_C_LANGUAGE_STANDARD = gnu11;
				GCC_DYNAMIC_NO_PIC = NO;
				GCC_NO_COMMON_BLOCKS = YES;
				GCC_OPTIMIZATION_LEVEL = 0;
				GCC_PREPROCESSOR_DEFINITIONS = (
					"DEBUG=1",
					"$(inherited)",
				);
				GCC_WARN_64_TO_32_BIT_CONVERSION = YES;
				GCC_WARN_ABOUT_RETURN_TYPE = YES_ERROR;
				GCC_WARN_UNDECLARED_SELECTOR = YES;
				GCC_WARN_UNINITIALIZED_AUTOS = YES_AGGRESSIVE;
				GCC_WARN_UNUSED_FUNCTION = YES;
				GCC_WARN_UNUSED_VARIABLE = YES;
				MACOSX_DEPLOYMENT_TARGET = 10.13;
				MTL_ENABLE_DEBUG_INFO = YES;
				ONLY_ACTIVE_ARCH = YES;
				SDKROOT = macosx;
			};
			name = Debug;
		};
		54ACC28F21061B3C0020715F /* Release */ = {
			isa = XCBuildConfiguration;
			buildSettings = {
				ALWAYS_SEARCH_USER_PATHS = NO;
				CLANG_ANALYZER_NONNULL = YES;
				CLANG_ANALYZER_NUMBER_OBJECT_CONVERSION = YES_AGGRESSIVE;
				CLANG_CXX_LANGUAGE_STANDARD = "gnu++14";
				CLANG_CXX_LIBRARY = "libc++";
				CLANG_ENABLE_MODULES = YES;
				CLANG_ENABLE_OBJC_ARC = YES;
				CLANG_ENABLE_OBJC_WEAK = YES;
				CLANG_WARN_BLOCK_CAPTURE_AUTORELEASING = YES;
				CLANG_WARN_BOOL_CONVERSION = YES;
				CLANG_WARN_COMMA = YES;
				CLANG_WARN_CONSTANT_CONVERSION = YES;
				CLANG_WARN_DEPRECATED_OBJC_IMPLEMENTATIONS = YES;
				CLANG_WARN_DIRECT_OBJC_ISA_USAGE = YES_ERROR;
				CLANG_WARN_DOCUMENTATION_COMMENTS = YES;
				CLANG_WARN_EMPTY_BODY = YES;
				CLANG_WARN_ENUM_CONVERSION = YES;
				CLANG_WARN_INFINITE_RECURSION = YES;
				CLANG_WARN_INT_CONVERSION = YES;
				CLANG_WARN_NON_LITERAL_NULL_CONVERSION = YES;
				CLANG_WARN_OBJC_IMPLICIT_RETAIN_SELF = YES;
				CLANG_WARN_OBJC_LITERAL_CONVERSION = YES;
				CLANG_WARN_OBJC_ROOT_CLASS = YES_ERROR;
				CLANG_WARN_RANGE_LOOP_ANALYSIS = YES;
				CLANG_WARN_STRICT_PROTOTYPES = YES;
				CLANG_WARN_SUSPICIOUS_MOVE = YES;
				CLANG_WARN_UNGUARDED_AVAILABILITY = YES_AGGRESSIVE;
				CLANG_WARN_UNREACHABLE_CODE = YES;
				CLANG_WARN__DUPLICATE_METHOD_MATCH = YES;
				CODE_SIGN_IDENTITY = "Mac Developer";
				COPY_PHASE_STRIP = NO;
				DEBUG_INFORMATION_FORMAT = "dwarf-with-dsym";
				ENABLE_NS_ASSERTIONS = NO;
				ENABLE_STRICT_OBJC_MSGSEND = YES;
				GCC_C_LANGUAGE_STANDARD = gnu11;
				GCC_NO_COMMON_BLOCKS = YES;
				GCC_WARN_64_TO_32_BIT_CONVERSION = YES;
				GCC_WARN_ABOUT_RETURN_TYPE = YES_ERROR;
				GCC_WARN_UNDECLARED_SELECTOR = YES;
				GCC_WARN_UNINITIALIZED_AUTOS = YES_AGGRESSIVE;
				GCC_WARN_UNUSED_FUNCTION = YES;
				GCC_WARN_UNUSED_VARIABLE = YES;
				MACOSX_DEPLOYMENT_TARGET = 10.13;
				MTL_ENABLE_DEBUG_INFO = NO;
				SDKROOT = macosx;
			};
			name = Release;
		};
		54ACC29121061B3C0020715F /* Debug */ = {
			isa = XCBuildConfiguration;
			buildSettings = {
				ASSETCATALOG_COMPILER_APPICON_NAME = AppIcon;
				CLANG_ANALYZER_SECURITY_FLOATLOOPCOUNTER = YES;
				CLANG_ANALYZER_SECURITY_INSECUREAPI_RAND = YES;
				CLANG_ANALYZER_SECURITY_INSECUREAPI_STRCPY = YES;
				CLANG_ENABLE_MODULES = YES;
				CLANG_UNDEFINED_BEHAVIOR_SANITIZER_INTEGER = YES;
				CLANG_UNDEFINED_BEHAVIOR_SANITIZER_NULLABILITY = YES;
				CLANG_WARN_ASSIGN_ENUM = YES;
				CLANG_WARN_CXX0X_EXTENSIONS = YES;
				CLANG_WARN_IMPLICIT_SIGN_CONVERSION = YES;
				CLANG_WARN_OBJC_EXPLICIT_OWNERSHIP_TYPE = YES;
				CLANG_WARN_OBJC_REPEATED_USE_OF_WEAK = YES;
				CLANG_WARN_SUSPICIOUS_IMPLICIT_CONVERSION = YES;
				CODE_SIGN_IDENTITY = "";
				CODE_SIGN_STYLE = Manual;
				COMBINE_HIDPI_IMAGES = YES;
				DEVELOPMENT_TEAM = "";
				EMBED_ASSET_PACKS_IN_PRODUCT_BUNDLE = NO;
				FRAMEWORK_SEARCH_PATHS = (
					"$(inherited)",
					"$(PROJECT_DIR)",
				);
				GCC_WARN_ABOUT_MISSING_FIELD_INITIALIZERS = YES;
				GCC_WARN_ABOUT_MISSING_NEWLINE = YES;
				GCC_WARN_ABOUT_MISSING_PROTOTYPES = YES;
				GCC_WARN_HIDDEN_VIRTUAL_FUNCTIONS = YES;
				GCC_WARN_INITIALIZER_NOT_FULLY_BRACKETED = YES;
				GCC_WARN_PEDANTIC = YES;
				GCC_WARN_SHADOW = YES;
				GCC_WARN_SIGN_COMPARE = YES;
				GCC_WARN_STRICT_SELECTOR_MATCH = YES;
				GCC_WARN_UNKNOWN_PRAGMAS = YES;
				GCC_WARN_UNUSED_LABEL = YES;
				INFOPLIST_FILE = baRSS/Info.plist;
				LD_RUNPATH_SEARCH_PATHS = (
					"$(inherited)",
					"@executable_path/../Frameworks",
				);
				MACOSX_DEPLOYMENT_TARGET = 10.12;
				PRODUCT_BUNDLE_IDENTIFIER = de.relikd.baRSS;
				PRODUCT_NAME = "$(TARGET_NAME)";
				PROVISIONING_PROFILE_SPECIFIER = "";
				SWIFT_OPTIMIZATION_LEVEL = "-Onone";
			};
			name = Debug;
		};
		54ACC29221061B3C0020715F /* Release */ = {
			isa = XCBuildConfiguration;
			buildSettings = {
				ASSETCATALOG_COMPILER_APPICON_NAME = AppIcon;
				CLANG_ANALYZER_SECURITY_FLOATLOOPCOUNTER = YES;
				CLANG_ANALYZER_SECURITY_INSECUREAPI_RAND = YES;
				CLANG_ANALYZER_SECURITY_INSECUREAPI_STRCPY = YES;
				CLANG_ENABLE_MODULES = YES;
				CLANG_UNDEFINED_BEHAVIOR_SANITIZER_INTEGER = YES;
				CLANG_UNDEFINED_BEHAVIOR_SANITIZER_NULLABILITY = YES;
				CLANG_WARN_ASSIGN_ENUM = YES;
				CLANG_WARN_CXX0X_EXTENSIONS = YES;
				CLANG_WARN_IMPLICIT_SIGN_CONVERSION = YES;
				CLANG_WARN_OBJC_EXPLICIT_OWNERSHIP_TYPE = YES;
				CLANG_WARN_OBJC_REPEATED_USE_OF_WEAK = YES;
				CLANG_WARN_SUSPICIOUS_IMPLICIT_CONVERSION = YES;
				CODE_SIGN_IDENTITY = "";
				CODE_SIGN_STYLE = Manual;
				COMBINE_HIDPI_IMAGES = YES;
				DEVELOPMENT_TEAM = "";
				EMBED_ASSET_PACKS_IN_PRODUCT_BUNDLE = NO;
				FRAMEWORK_SEARCH_PATHS = (
					"$(inherited)",
					"$(PROJECT_DIR)",
				);
				GCC_WARN_ABOUT_MISSING_FIELD_INITIALIZERS = YES;
				GCC_WARN_ABOUT_MISSING_NEWLINE = YES;
				GCC_WARN_ABOUT_MISSING_PROTOTYPES = YES;
				GCC_WARN_HIDDEN_VIRTUAL_FUNCTIONS = YES;
				GCC_WARN_INITIALIZER_NOT_FULLY_BRACKETED = YES;
				GCC_WARN_PEDANTIC = YES;
				GCC_WARN_SHADOW = YES;
				GCC_WARN_SIGN_COMPARE = YES;
				GCC_WARN_STRICT_SELECTOR_MATCH = YES;
				GCC_WARN_UNKNOWN_PRAGMAS = YES;
				GCC_WARN_UNUSED_LABEL = YES;
				INFOPLIST_FILE = baRSS/Info.plist;
				LD_RUNPATH_SEARCH_PATHS = (
					"$(inherited)",
					"@executable_path/../Frameworks",
				);
				MACOSX_DEPLOYMENT_TARGET = 10.12;
				PRODUCT_BUNDLE_IDENTIFIER = de.relikd.baRSS;
				PRODUCT_NAME = "$(TARGET_NAME)";
				PROVISIONING_PROFILE_SPECIFIER = "";
			};
			name = Release;
		};
/* End XCBuildConfiguration section */

/* Begin XCConfigurationList section */
		54ACC27721061B3B0020715F /* Build configuration list for PBXProject "baRSS" */ = {
			isa = XCConfigurationList;
			buildConfigurations = (
				54ACC28E21061B3C0020715F /* Debug */,
				54ACC28F21061B3C0020715F /* Release */,
			);
			defaultConfigurationIsVisible = 0;
			defaultConfigurationName = Release;
		};
		54ACC29021061B3C0020715F /* Build configuration list for PBXNativeTarget "baRSS" */ = {
			isa = XCConfigurationList;
			buildConfigurations = (
				54ACC29121061B3C0020715F /* Debug */,
				54ACC29221061B3C0020715F /* Release */,
			);
			defaultConfigurationIsVisible = 0;
			defaultConfigurationName = Release;
		};
/* End XCConfigurationList section */

/* Begin XCVersionGroup section */
		54ACC28221061B3B0020715F /* DBv1.xcdatamodeld */ = {
			isa = XCVersionGroup;
			children = (
				54ACC28321061B3B0020715F /* DBv1.xcdatamodel */,
			);
			currentVersion = 54ACC28321061B3B0020715F /* DBv1.xcdatamodel */;
			path = DBv1.xcdatamodeld;
			sourceTree = "<group>";
			versionGroupType = wrapper.xcdatamodel;
		};
/* End XCVersionGroup section */
	};
	rootObject = 54ACC27421061B3B0020715F /* Project object */;
}
